// !$*UTF8*$!
{
	archiveVersion = 1;
	classes = {
	};
	objectVersion = 56;
	objects = {

/* Begin PBXBuildFile section */
		01050CC72926C94400F5D776 /* User.swift in Sources */ = {isa = PBXBuildFile; fileRef = 01050CC62926C94400F5D776 /* User.swift */; };
		01050CC92926C99E00F5D776 /* APIManager.swift in Sources */ = {isa = PBXBuildFile; fileRef = 01050CC82926C99E00F5D776 /* APIManager.swift */; };
		01050CCB2926CC3D00F5D776 /* ViewModel.swift in Sources */ = {isa = PBXBuildFile; fileRef = 01050CCA2926CC3D00F5D776 /* ViewModel.swift */; };
		01050CCD2926CCDB00F5D776 /* UserService.swift in Sources */ = {isa = PBXBuildFile; fileRef = 01050CCC2926CCDB00F5D776 /* UserService.swift */; };
		01050CCF2926CEB100F5D776 /* UserViewModelOutput.swift in Sources */ = {isa = PBXBuildFile; fileRef = 01050CCE2926CEB100F5D776 /* UserViewModelOutput.swift */; };
		01847F7429268D7400B36424 /* AppDelegate.swift in Sources */ = {isa = PBXBuildFile; fileRef = 01847F7329268D7400B36424 /* AppDelegate.swift */; };
		01847F7629268D7400B36424 /* SceneDelegate.swift in Sources */ = {isa = PBXBuildFile; fileRef = 01847F7529268D7400B36424 /* SceneDelegate.swift */; };
		01847F7829268D7400B36424 /* UserViewController.swift in Sources */ = {isa = PBXBuildFile; fileRef = 01847F7729268D7400B36424 /* UserViewController.swift */; };
		01847F7D29268D7500B36424 /* Assets.xcassets in Resources */ = {isa = PBXBuildFile; fileRef = 01847F7C29268D7500B36424 /* Assets.xcassets */; };
		01847F8029268D7500B36424 /* LaunchScreen.storyboard in Resources */ = {isa = PBXBuildFile; fileRef = 01847F7E29268D7500B36424 /* LaunchScreen.storyboard */; };
		01847F8B29268D7500B36424 /* PotocolOrientedUIKitTests.swift in Sources */ = {isa = PBXBuildFile; fileRef = 01847F8A29268D7500B36424 /* PotocolOrientedUIKitTests.swift */; };
		01847F9529268D7500B36424 /* PotocolOrientedUIKitUITests.swift in Sources */ = {isa = PBXBuildFile; fileRef = 01847F9429268D7500B36424 /* PotocolOrientedUIKitUITests.swift */; };
		01847F9729268D7500B36424 /* PotocolOrientedUIKitUITestsLaunchTests.swift in Sources */ = {isa = PBXBuildFile; fileRef = 01847F9629268D7500B36424 /* PotocolOrientedUIKitUITestsLaunchTests.swift */; };
/* End PBXBuildFile section */

/* Begin PBXContainerItemProxy section */
		01847F8729268D7500B36424 /* PBXContainerItemProxy */ = {
			isa = PBXContainerItemProxy;
			containerPortal = 01847F6829268D7400B36424 /* Project object */;
			proxyType = 1;
			remoteGlobalIDString = 01847F6F29268D7400B36424;
			remoteInfo = PotocolOrientedUIKit;
		};
		01847F9129268D7500B36424 /* PBXContainerItemProxy */ = {
			isa = PBXContainerItemProxy;
			containerPortal = 01847F6829268D7400B36424 /* Project object */;
			proxyType = 1;
			remoteGlobalIDString = 01847F6F29268D7400B36424;
			remoteInfo = PotocolOrientedUIKit;
		};
/* End PBXContainerItemProxy section */

/* Begin PBXFileReference section */
		01050CC62926C94400F5D776 /* User.swift */ = {isa = PBXFileReference; lastKnownFileType = sourcecode.swift; path = User.swift; sourceTree = "<group>"; };
		01050CC82926C99E00F5D776 /* APIManager.swift */ = {isa = PBXFileReference; lastKnownFileType = sourcecode.swift; path = APIManager.swift; sourceTree = "<group>"; };
		01050CCA2926CC3D00F5D776 /* ViewModel.swift */ = {isa = PBXFileReference; lastKnownFileType = sourcecode.swift; path = ViewModel.swift; sourceTree = "<group>"; };
		01050CCC2926CCDB00F5D776 /* UserService.swift */ = {isa = PBXFileReference; lastKnownFileType = sourcecode.swift; path = UserService.swift; sourceTree = "<group>"; };
		01050CCE2926CEB100F5D776 /* UserViewModelOutput.swift */ = {isa = PBXFileReference; lastKnownFileType = sourcecode.swift; path = UserViewModelOutput.swift; sourceTree = "<group>"; };
		01847F7029268D7400B36424 /* PotocolOrientedUIKit.app */ = {isa = PBXFileReference; explicitFileType = wrapper.application; includeInIndex = 0; path = PotocolOrientedUIKit.app; sourceTree = BUILT_PRODUCTS_DIR; };
		01847F7329268D7400B36424 /* AppDelegate.swift */ = {isa = PBXFileReference; lastKnownFileType = sourcecode.swift; path = AppDelegate.swift; sourceTree = "<group>"; };
		01847F7529268D7400B36424 /* SceneDelegate.swift */ = {isa = PBXFileReference; lastKnownFileType = sourcecode.swift; path = SceneDelegate.swift; sourceTree = "<group>"; };
		01847F7729268D7400B36424 /* UserViewController.swift */ = {isa = PBXFileReference; lastKnownFileType = sourcecode.swift; path = UserViewController.swift; sourceTree = "<group>"; };
		01847F7C29268D7500B36424 /* Assets.xcassets */ = {isa = PBXFileReference; lastKnownFileType = folder.assetcatalog; path = Assets.xcassets; sourceTree = "<group>"; };
		01847F7F29268D7500B36424 /* Base */ = {isa = PBXFileReference; lastKnownFileType = file.storyboard; name = Base; path = Base.lproj/LaunchScreen.storyboard; sourceTree = "<group>"; };
		01847F8129268D7500B36424 /* Info.plist */ = {isa = PBXFileReference; lastKnownFileType = text.plist.xml; path = Info.plist; sourceTree = "<group>"; };
		01847F8629268D7500B36424 /* PotocolOrientedUIKitTests.xctest */ = {isa = PBXFileReference; explicitFileType = wrapper.cfbundle; includeInIndex = 0; path = PotocolOrientedUIKitTests.xctest; sourceTree = BUILT_PRODUCTS_DIR; };
		01847F8A29268D7500B36424 /* PotocolOrientedUIKitTests.swift */ = {isa = PBXFileReference; lastKnownFileType = sourcecode.swift; path = PotocolOrientedUIKitTests.swift; sourceTree = "<group>"; };
		01847F9029268D7500B36424 /* PotocolOrientedUIKitUITests.xctest */ = {isa = PBXFileReference; explicitFileType = wrapper.cfbundle; includeInIndex = 0; path = PotocolOrientedUIKitUITests.xctest; sourceTree = BUILT_PRODUCTS_DIR; };
		01847F9429268D7500B36424 /* PotocolOrientedUIKitUITests.swift */ = {isa = PBXFileReference; lastKnownFileType = sourcecode.swift; path = PotocolOrientedUIKitUITests.swift; sourceTree = "<group>"; };
		01847F9629268D7500B36424 /* PotocolOrientedUIKitUITestsLaunchTests.swift */ = {isa = PBXFileReference; lastKnownFileType = sourcecode.swift; path = PotocolOrientedUIKitUITestsLaunchTests.swift; sourceTree = "<group>"; };
/* End PBXFileReference section */

/* Begin PBXFrameworksBuildPhase section */
		01847F6D29268D7400B36424 /* Frameworks */ = {
			isa = PBXFrameworksBuildPhase;
			buildActionMask = 2147483647;
			files = (
			);
			runOnlyForDeploymentPostprocessing = 0;
		};
		01847F8329268D7500B36424 /* Frameworks */ = {
			isa = PBXFrameworksBuildPhase;
			buildActionMask = 2147483647;
			files = (
			);
			runOnlyForDeploymentPostprocessing = 0;
		};
		01847F8D29268D7500B36424 /* Frameworks */ = {
			isa = PBXFrameworksBuildPhase;
			buildActionMask = 2147483647;
			files = (
			);
			runOnlyForDeploymentPostprocessing = 0;
		};
/* End PBXFrameworksBuildPhase section */

/* Begin PBXGroup section */
		01847F6729268D7400B36424 = {
			isa = PBXGroup;
			children = (
				01847F7229268D7400B36424 /* PotocolOrientedUIKit */,
				01847F8929268D7500B36424 /* PotocolOrientedUIKitTests */,
				01847F9329268D7500B36424 /* PotocolOrientedUIKitUITests */,
				01847F7129268D7400B36424 /* Products */,
			);
			sourceTree = "<group>";
		};
		01847F7129268D7400B36424 /* Products */ = {
			isa = PBXGroup;
			children = (
				01847F7029268D7400B36424 /* PotocolOrientedUIKit.app */,
				01847F8629268D7500B36424 /* PotocolOrientedUIKitTests.xctest */,
				01847F9029268D7500B36424 /* PotocolOrientedUIKitUITests.xctest */,
			);
			name = Products;
			sourceTree = "<group>";
		};
		01847F7229268D7400B36424 /* PotocolOrientedUIKit */ = {
			isa = PBXGroup;
			children = (
				01847F7329268D7400B36424 /* AppDelegate.swift */,
				01847F7529268D7400B36424 /* SceneDelegate.swift */,
				01847F7729268D7400B36424 /* UserViewController.swift */,
				01847F7C29268D7500B36424 /* Assets.xcassets */,
				01847F7E29268D7500B36424 /* LaunchScreen.storyboard */,
				01847F8129268D7500B36424 /* Info.plist */,
				01050CC62926C94400F5D776 /* User.swift */,
				01050CC82926C99E00F5D776 /* APIManager.swift */,
				01050CCA2926CC3D00F5D776 /* ViewModel.swift */,
				01050CCC2926CCDB00F5D776 /* UserService.swift */,
				01050CCE2926CEB100F5D776 /* UserViewModelOutput.swift */,
			);
			path = PotocolOrientedUIKit;
			sourceTree = "<group>";
		};
		01847F8929268D7500B36424 /* PotocolOrientedUIKitTests */ = {
			isa = PBXGroup;
			children = (
				01847F8A29268D7500B36424 /* PotocolOrientedUIKitTests.swift */,
			);
			path = PotocolOrientedUIKitTests;
			sourceTree = "<group>";
		};
		01847F9329268D7500B36424 /* PotocolOrientedUIKitUITests */ = {
			isa = PBXGroup;
			children = (
				01847F9429268D7500B36424 /* PotocolOrientedUIKitUITests.swift */,
				01847F9629268D7500B36424 /* PotocolOrientedUIKitUITestsLaunchTests.swift */,
			);
			path = PotocolOrientedUIKitUITests;
			sourceTree = "<group>";
		};
/* End PBXGroup section */

/* Begin PBXNativeTarget section */
		01847F6F29268D7400B36424 /* PotocolOrientedUIKit */ = {
			isa = PBXNativeTarget;
			buildConfigurationList = 01847F9A29268D7500B36424 /* Build configuration list for PBXNativeTarget "PotocolOrientedUIKit" */;
			buildPhases = (
				01847F6C29268D7400B36424 /* Sources */,
				01847F6D29268D7400B36424 /* Frameworks */,
				01847F6E29268D7400B36424 /* Resources */,
			);
			buildRules = (
			);
			dependencies = (
			);
			name = PotocolOrientedUIKit;
			productName = PotocolOrientedUIKit;
			productReference = 01847F7029268D7400B36424 /* PotocolOrientedUIKit.app */;
			productType = "com.apple.product-type.application";
		};
		01847F8529268D7500B36424 /* PotocolOrientedUIKitTests */ = {
			isa = PBXNativeTarget;
			buildConfigurationList = 01847F9D29268D7500B36424 /* Build configuration list for PBXNativeTarget "PotocolOrientedUIKitTests" */;
			buildPhases = (
				01847F8229268D7500B36424 /* Sources */,
				01847F8329268D7500B36424 /* Frameworks */,
				01847F8429268D7500B36424 /* Resources */,
			);
			buildRules = (
			);
			dependencies = (
				01847F8829268D7500B36424 /* PBXTargetDependency */,
			);
			name = PotocolOrientedUIKitTests;
			productName = PotocolOrientedUIKitTests;
			productReference = 01847F8629268D7500B36424 /* PotocolOrientedUIKitTests.xctest */;
			productType = "com.apple.product-type.bundle.unit-test";
		};
		01847F8F29268D7500B36424 /* PotocolOrientedUIKitUITests */ = {
			isa = PBXNativeTarget;
			buildConfigurationList = 01847FA029268D7500B36424 /* Build configuration list for PBXNativeTarget "PotocolOrientedUIKitUITests" */;
			buildPhases = (
				01847F8C29268D7500B36424 /* Sources */,
				01847F8D29268D7500B36424 /* Frameworks */,
				01847F8E29268D7500B36424 /* Resources */,
			);
			buildRules = (
			);
			dependencies = (
				01847F9229268D7500B36424 /* PBXTargetDependency */,
			);
			name = PotocolOrientedUIKitUITests;
			productName = PotocolOrientedUIKitUITests;
			productReference = 01847F9029268D7500B36424 /* PotocolOrientedUIKitUITests.xctest */;
			productType = "com.apple.product-type.bundle.ui-testing";
		};
/* End PBXNativeTarget section */

/* Begin PBXProject section */
		01847F6829268D7400B36424 /* Project object */ = {
			isa = PBXProject;
			attributes = {
				BuildIndependentTargetsInParallel = 1;
				LastSwiftUpdateCheck = 1410;
				LastUpgradeCheck = 1410;
				TargetAttributes = {
					01847F6F29268D7400B36424 = {
						CreatedOnToolsVersion = 14.1;
					};
					01847F8529268D7500B36424 = {
						CreatedOnToolsVersion = 14.1;
						TestTargetID = 01847F6F29268D7400B36424;
					};
					01847F8F29268D7500B36424 = {
						CreatedOnToolsVersion = 14.1;
						TestTargetID = 01847F6F29268D7400B36424;
					};
				};
			};
			buildConfigurationList = 01847F6B29268D7400B36424 /* Build configuration list for PBXProject "PotocolOrientedUIKit" */;
			compatibilityVersion = "Xcode 14.0";
			developmentRegion = en;
			hasScannedForEncodings = 0;
			knownRegions = (
				en,
				Base,
			);
			mainGroup = 01847F6729268D7400B36424;
			productRefGroup = 01847F7129268D7400B36424 /* Products */;
			projectDirPath = "";
			projectRoot = "";
			targets = (
				01847F6F29268D7400B36424 /* PotocolOrientedUIKit */,
				01847F8529268D7500B36424 /* PotocolOrientedUIKitTests */,
				01847F8F29268D7500B36424 /* PotocolOrientedUIKitUITests */,
			);
		};
/* End PBXProject section */

/* Begin PBXResourcesBuildPhase section */
		01847F6E29268D7400B36424 /* Resources */ = {
			isa = PBXResourcesBuildPhase;
			buildActionMask = 2147483647;
			files = (
				01847F8029268D7500B36424 /* LaunchScreen.storyboard in Resources */,
				01847F7D29268D7500B36424 /* Assets.xcassets in Resources */,
			);
			runOnlyForDeploymentPostprocessing = 0;
		};
		01847F8429268D7500B36424 /* Resources */ = {
			isa = PBXResourcesBuildPhase;
			buildActionMask = 2147483647;
			files = (
			);
			runOnlyForDeploymentPostprocessing = 0;
		};
		01847F8E29268D7500B36424 /* Resources */ = {
			isa = PBXResourcesBuildPhase;
			buildActionMask = 2147483647;
			files = (
			);
			runOnlyForDeploymentPostprocessing = 0;
		};
/* End PBXResourcesBuildPhase section */

/* Begin PBXSourcesBuildPhase section */
		01847F6C29268D7400B36424 /* Sources */ = {
			isa = PBXSourcesBuildPhase;
			buildActionMask = 2147483647;
			files = (
				01050CCF2926CEB100F5D776 /* UserViewModelOutput.swift in Sources */,
				01050CCD2926CCDB00F5D776 /* UserService.swift in Sources */,
				01050CC72926C94400F5D776 /* User.swift in Sources */,
				01847F7829268D7400B36424 /* UserViewController.swift in Sources */,
				01050CC92926C99E00F5D776 /* APIManager.swift in Sources */,
				01847F7429268D7400B36424 /* AppDelegate.swift in Sources */,
				01050CCB2926CC3D00F5D776 /* ViewModel.swift in Sources */,
				01847F7629268D7400B36424 /* SceneDelegate.swift in Sources */,
			);
			runOnlyForDeploymentPostprocessing = 0;
		};
		01847F8229268D7500B36424 /* Sources */ = {
			isa = PBXSourcesBuildPhase;
			buildActionMask = 2147483647;
			files = (
				01847F8B29268D7500B36424 /* PotocolOrientedUIKitTests.swift in Sources */,
			);
			runOnlyForDeploymentPostprocessing = 0;
		};
		01847F8C29268D7500B36424 /* Sources */ = {
			isa = PBXSourcesBuildPhase;
			buildActionMask = 2147483647;
			files = (
				01847F9729268D7500B36424 /* PotocolOrientedUIKitUITestsLaunchTests.swift in Sources */,
				01847F9529268D7500B36424 /* PotocolOrientedUIKitUITests.swift in Sources */,
			);
			runOnlyForDeploymentPostprocessing = 0;
		};
/* End PBXSourcesBuildPhase section */

/* Begin PBXTargetDependency section */
		01847F8829268D7500B36424 /* PBXTargetDependency */ = {
			isa = PBXTargetDependency;
			target = 01847F6F29268D7400B36424 /* PotocolOrientedUIKit */;
			targetProxy = 01847F8729268D7500B36424 /* PBXContainerItemProxy */;
		};
		01847F9229268D7500B36424 /* PBXTargetDependency */ = {
			isa = PBXTargetDependency;
			target = 01847F6F29268D7400B36424 /* PotocolOrientedUIKit */;
			targetProxy = 01847F9129268D7500B36424 /* PBXContainerItemProxy */;
		};
/* End PBXTargetDependency section */

/* Begin PBXVariantGroup section */
		01847F7E29268D7500B36424 /* LaunchScreen.storyboard */ = {
			isa = PBXVariantGroup;
			children = (
				01847F7F29268D7500B36424 /* Base */,
			);
			name = LaunchScreen.storyboard;
			sourceTree = "<group>";
		};
/* End PBXVariantGroup section */

/* Begin XCBuildConfiguration section */
		01847F9829268D7500B36424 /* Debug */ = {
			isa = XCBuildConfiguration;
			buildSettings = {
				ALWAYS_SEARCH_USER_PATHS = NO;
				CLANG_ANALYZER_NONNULL = YES;
				CLANG_ANALYZER_NUMBER_OBJECT_CONVERSION = YES_AGGRESSIVE;
				CLANG_CXX_LANGUAGE_STANDARD = "gnu++20";
				CLANG_ENABLE_MODULES = YES;
				CLANG_ENABLE_OBJC_ARC = YES;
				CLANG_ENABLE_OBJC_WEAK = YES;
				CLANG_WARN_BLOCK_CAPTURE_AUTORELEASING = YES;
				CLANG_WARN_BOOL_CONVERSION = YES;
				CLANG_WARN_COMMA = YES;
				CLANG_WARN_CONSTANT_CONVERSION = YES;
				CLANG_WARN_DEPRECATED_OBJC_IMPLEMENTATIONS = YES;
				CLANG_WARN_DIRECT_OBJC_ISA_USAGE = YES_ERROR;
				CLANG_WARN_DOCUMENTATION_COMMENTS = YES;
				CLANG_WARN_EMPTY_BODY = YES;
				CLANG_WARN_ENUM_CONVERSION = YES;
				CLANG_WARN_INFINITE_RECURSION = YES;
				CLANG_WARN_INT_CONVERSION = YES;
				CLANG_WARN_NON_LITERAL_NULL_CONVERSION = YES;
				CLANG_WARN_OBJC_IMPLICIT_RETAIN_SELF = YES;
				CLANG_WARN_OBJC_LITERAL_CONVERSION = YES;
				CLANG_WARN_OBJC_ROOT_CLASS = YES_ERROR;
				CLANG_WARN_QUOTED_INCLUDE_IN_FRAMEWORK_HEADER = YES;
				CLANG_WARN_RANGE_LOOP_ANALYSIS = YES;
				CLANG_WARN_STRICT_PROTOTYPES = YES;
				CLANG_WARN_SUSPICIOUS_MOVE = YES;
				CLANG_WARN_UNGUARDED_AVAILABILITY = YES_AGGRESSIVE;
				CLANG_WARN_UNREACHABLE_CODE = YES;
				CLANG_WARN__DUPLICATE_METHOD_MATCH = YES;
				COPY_PHASE_STRIP = NO;
				DEBUG_INFORMATION_FORMAT = dwarf;
				ENABLE_STRICT_OBJC_MSGSEND = YES;
				ENABLE_TESTABILITY = YES;
				GCC_C_LANGUAGE_STANDARD = gnu11;
				GCC_DYNAMIC_NO_PIC = NO;
				GCC_NO_COMMON_BLOCKS = YES;
				GCC_OPTIMIZATION_LEVEL = 0;
				GCC_PREPROCESSOR_DEFINITIONS = (
					"DEBUG=1",
					"$(inherited)",
				);
				GCC_WARN_64_TO_32_BIT_CONVERSION = YES;
				GCC_WARN_ABOUT_RETURN_TYPE = YES_ERROR;
				GCC_WARN_UNDECLARED_SELECTOR = YES;
				GCC_WARN_UNINITIALIZED_AUTOS = YES_AGGRESSIVE;
				GCC_WARN_UNUSED_FUNCTION = YES;
				GCC_WARN_UNUSED_VARIABLE = YES;
				IPHONEOS_DEPLOYMENT_TARGET = 16.1;
				MTL_ENABLE_DEBUG_INFO = INCLUDE_SOURCE;
				MTL_FAST_MATH = YES;
				ONLY_ACTIVE_ARCH = YES;
				SDKROOT = iphoneos;
				SWIFT_ACTIVE_COMPILATION_CONDITIONS = DEBUG;
				SWIFT_OPTIMIZATION_LEVEL = "-Onone";
			};
			name = Debug;
		};
		01847F9929268D7500B36424 /* Release */ = {
			isa = XCBuildConfiguration;
			buildSettings = {
				ALWAYS_SEARCH_USER_PATHS = NO;
				CLANG_ANALYZER_NONNULL = YES;
				CLANG_ANALYZER_NUMBER_OBJECT_CONVERSION = YES_AGGRESSIVE;
				CLANG_CXX_LANGUAGE_STANDARD = "gnu++20";
				CLANG_ENABLE_MODULES = YES;
				CLANG_ENABLE_OBJC_ARC = YES;
				CLANG_ENABLE_OBJC_WEAK = YES;
				CLANG_WARN_BLOCK_CAPTURE_AUTORELEASING = YES;
				CLANG_WARN_BOOL_CONVERSION = YES;
				CLANG_WARN_COMMA = YES;
				CLANG_WARN_CONSTANT_CONVERSION = YES;
				CLANG_WARN_DEPRECATED_OBJC_IMPLEMENTATIONS = YES;
				CLANG_WARN_DIRECT_OBJC_ISA_USAGE = YES_ERROR;
				CLANG_WARN_DOCUMENTATION_COMMENTS = YES;
				CLANG_WARN_EMPTY_BODY = YES;
				CLANG_WARN_ENUM_CONVERSION = YES;
				CLANG_WARN_INFINITE_RECURSION = YES;
				CLANG_WARN_INT_CONVERSION = YES;
				CLANG_WARN_NON_LITERAL_NULL_CONVERSION = YES;
				CLANG_WARN_OBJC_IMPLICIT_RETAIN_SELF = YES;
				CLANG_WARN_OBJC_LITERAL_CONVERSION = YES;
				CLANG_WARN_OBJC_ROOT_CLASS = YES_ERROR;
				CLANG_WARN_QUOTED_INCLUDE_IN_FRAMEWORK_HEADER = YES;
				CLANG_WARN_RANGE_LOOP_ANALYSIS = YES;
				CLANG_WARN_STRICT_PROTOTYPES = YES;
				CLANG_WARN_SUSPICIOUS_MOVE = YES;
				CLANG_WARN_UNGUARDED_AVAILABILITY = YES_AGGRESSIVE;
				CLANG_WARN_UNREACHABLE_CODE = YES;
				CLANG_WARN__DUPLICATE_METHOD_MATCH = YES;
				COPY_PHASE_STRIP = NO;
				DEBUG_INFORMATION_FORMAT = "dwarf-with-dsym";
				ENABLE_NS_ASSERTIONS = NO;
				ENABLE_STRICT_OBJC_MSGSEND = YES;
				GCC_C_LANGUAGE_STANDARD = gnu11;
				GCC_NO_COMMON_BLOCKS = YES;
				GCC_WARN_64_TO_32_BIT_CONVERSION = YES;
				GCC_WARN_ABOUT_RETURN_TYPE = YES_ERROR;
				GCC_WARN_UNDECLARED_SELECTOR = YES;
				GCC_WARN_UNINITIALIZED_AUTOS = YES_AGGRESSIVE;
				GCC_WARN_UNUSED_FUNCTION = YES;
				GCC_WARN_UNUSED_VARIABLE = YES;
				IPHONEOS_DEPLOYMENT_TARGET = 16.1;
				MTL_ENABLE_DEBUG_INFO = NO;
				MTL_FAST_MATH = YES;
				SDKROOT = iphoneos;
				SWIFT_COMPILATION_MODE = wholemodule;
				SWIFT_OPTIMIZATION_LEVEL = "-O";
				VALIDATE_PRODUCT = YES;
			};
			name = Release;
		};
		01847F9B29268D7500B36424 /* Debug */ = {
			isa = XCBuildConfiguration;
			buildSettings = {
				ASSETCATALOG_COMPILER_APPICON_NAME = AppIcon;
				ASSETCATALOG_COMPILER_GLOBAL_ACCENT_COLOR_NAME = AccentColor;
				CODE_SIGN_STYLE = Automatic;
				CURRENT_PROJECT_VERSION = 1;
				DEVELOPMENT_TEAM = VG7V6PNA57;
				GENERATE_INFOPLIST_FILE = YES;
				INFOPLIST_FILE = PotocolOrientedUIKit/Info.plist;
				INFOPLIST_KEY_UIApplicationSupportsIndirectInputEvents = YES;
				INFOPLIST_KEY_UILaunchStoryboardName = LaunchScreen;
				INFOPLIST_KEY_UISupportedInterfaceOrientations_iPad = "UIInterfaceOrientationPortrait UIInterfaceOrientationPortraitUpsideDown UIInterfaceOrientationLandscapeLeft UIInterfaceOrientationLandscapeRight";
				INFOPLIST_KEY_UISupportedInterfaceOrientations_iPhone = "UIInterfaceOrientationPortrait UIInterfaceOrientationLandscapeLeft UIInterfaceOrientationLandscapeRight";
				LD_RUNPATH_SEARCH_PATHS = (
					"$(inherited)",
					"@executable_path/Frameworks",
				);
				MARKETING_VERSION = 1.0;
				PRODUCT_BUNDLE_IDENTIFIER = com.bertughoroz.PotocolOrientedUIKit;
				PRODUCT_NAME = "$(TARGET_NAME)";
				SWIFT_EMIT_LOC_STRINGS = YES;
				SWIFT_VERSION = 5.0;
				TARGETED_DEVICE_FAMILY = "1,2";
			};
			name = Debug;
		};
		01847F9C29268D7500B36424 /* Release */ = {
			isa = XCBuildConfiguration;
			buildSettings = {
				ASSETCATALOG_COMPILER_APPICON_NAME = AppIcon;
				ASSETCATALOG_COMPILER_GLOBAL_ACCENT_COLOR_NAME = AccentColor;
				CODE_SIGN_STYLE = Automatic;
				CURRENT_PROJECT_VERSION = 1;
				DEVELOPMENT_TEAM = VG7V6PNA57;
				GENERATE_INFOPLIST_FILE = YES;
				INFOPLIST_FILE = PotocolOrientedUIKit/Info.plist;
				INFOPLIST_KEY_UIApplicationSupportsIndirectInputEvents = YES;
				INFOPLIST_KEY_UILaunchStoryboardName = LaunchScreen;
				INFOPLIST_KEY_UISupportedInterfaceOrientations_iPad = "UIInterfaceOrientationPortrait UIInterfaceOrientationPortraitUpsideDown UIInterfaceOrientationLandscapeLeft UIInterfaceOrientationLandscapeRight";
				INFOPLIST_KEY_UISupportedInterfaceOrientations_iPhone = "UIInterfaceOrientationPortrait UIInterfaceOrientationLandscapeLeft UIInterfaceOrientationLandscapeRight";
				LD_RUNPATH_SEARCH_PATHS = (
					"$(inherited)",
					"@executable_path/Frameworks",
				);
				MARKETING_VERSION = 1.0;
				PRODUCT_BUNDLE_IDENTIFIER = com.bertughoroz.PotocolOrientedUIKit;
				PRODUCT_NAME = "$(TARGET_NAME)";
				SWIFT_EMIT_LOC_STRINGS = YES;
				SWIFT_VERSION = 5.0;
				TARGETED_DEVICE_FAMILY = "1,2";
			};
			name = Release;
		};
		01847F9E29268D7500B36424 /* Debug */ = {
			isa = XCBuildConfiguration;
			buildSettings = {
				ALWAYS_EMBED_SWIFT_STANDARD_LIBRARIES = YES;
				BUNDLE_LOADER = "$(TEST_HOST)";
				CODE_SIGN_STYLE = Automatic;
				CURRENT_PROJECT_VERSION = 1;
				DEVELOPMENT_TEAM = VG7V6PNA57;
				GENERATE_INFOPLIST_FILE = YES;
				IPHONEOS_DEPLOYMENT_TARGET = 16.1;
				MARKETING_VERSION = 1.0;
				PRODUCT_BUNDLE_IDENTIFIER = com.bertughoroz.PotocolOrientedUIKitTests;
				PRODUCT_NAME = "$(TARGET_NAME)";
				SWIFT_EMIT_LOC_STRINGS = NO;
				SWIFT_VERSION = 5.0;
				TARGETED_DEVICE_FAMILY = "1,2";
				TEST_HOST = "$(BUILT_PRODUCTS_DIR)/PotocolOrientedUIKit.app/$(BUNDLE_EXECUTABLE_FOLDER_PATH)/PotocolOrientedUIKit";
			};
			name = Debug;
		};
		01847F9F29268D7500B36424 /* Release */ = {
			isa = XCBuildConfiguration;
			buildSettings = {
				ALWAYS_EMBED_SWIFT_STANDARD_LIBRARIES = YES;
				BUNDLE_LOADER = "$(TEST_HOST)";
				CODE_SIGN_STYLE = Automatic;
				CURRENT_PROJECT_VERSION = 1;
				DEVELOPMENT_TEAM = VG7V6PNA57;
				GENERATE_INFOPLIST_FILE = YES;
				IPHONEOS_DEPLOYMENT_TARGET = 16.1;
				MARKETING_VERSION = 1.0;
				PRODUCT_BUNDLE_IDENTIFIER = com.bertughoroz.PotocolOrientedUIKitTests;
				PRODUCT_NAME = "$(TARGET_NAME)";
				SWIFT_EMIT_LOC_STRINGS = NO;
				SWIFT_VERSION = 5.0;
				TARGETED_DEVICE_FAMILY = "1,2";
				TEST_HOST = "$(BUILT_PRODUCTS_DIR)/PotocolOrientedUIKit.app/$(BUNDLE_EXECUTABLE_FOLDER_PATH)/PotocolOrientedUIKit";
			};
			name = Release;
		};
		01847FA129268D7500B36424 /* Debug */ = {
			isa = XCBuildConfiguration;
			buildSettings = {
				ALWAYS_EMBED_SWIFT_STANDARD_LIBRARIES = YES;
				CODE_SIGN_STYLE = Automatic;
				CURRENT_PROJECT_VERSION = 1;
				DEVELOPMENT_TEAM = VG7V6PNA57;
				GENERATE_INFOPLIST_FILE = YES;
				MARKETING_VERSION = 1.0;
				PRODUCT_BUNDLE_IDENTIFIER = com.bertughoroz.PotocolOrientedUIKitUITests;
				PRODUCT_NAME = "$(TARGET_NAME)";
				SWIFT_EMIT_LOC_STRINGS = NO;
				SWIFT_VERSION = 5.0;
				TARGETED_DEVICE_FAMILY = "1,2";
				TEST_TARGET_NAME = PotocolOrientedUIKit;
			};
			name = Debug;
		};
		01847FA229268D7500B36424 /* Release */ = {
			isa = XCBuildConfiguration;
			buildSettings = {
				ALWAYS_EMBED_SWIFT_STANDARD_LIBRARIES = YES;
				CODE_SIGN_STYLE = Automatic;
				CURRENT_PROJECT_VERSION = 1;
				DEVELOPMENT_TEAM = VG7V6PNA57;
				GENERATE_INFOPLIST_FILE = YES;
				MARKETING_VERSION = 1.0;
				PRODUCT_BUNDLE_IDENTIFIER = com.bertughoroz.PotocolOrientedUIKitUITests;
				PRODUCT_NAME = "$(TARGET_NAME)";
				SWIFT_EMIT_LOC_STRINGS = NO;
				SWIFT_VERSION = 5.0;
				TARGETED_DEVICE_FAMILY = "1,2";
				TEST_TARGET_NAME = PotocolOrientedUIKit;
			};
			name = Release;
		};
/* End XCBuildConfiguration section */

/* Begin XCConfigurationList section */
		01847F6B29268D7400B36424 /* Build configuration list for PBXProject "PotocolOrientedUIKit" */ = {
			isa = XCConfigurationList;
			buildConfigurations = (
				01847F9829268D7500B36424 /* Debug */,
				01847F9929268D7500B36424 /* Release */,
			);
			defaultConfigurationIsVisible = 0;
			defaultConfigurationName = Release;
		};
		01847F9A29268D7500B36424 /* Build configuration list for PBXNativeTarget "PotocolOrientedUIKit" */ = {
			isa = XCConfigurationList;
			buildConfigurations = (
				01847F9B29268D7500B36424 /* Debug */,
				01847F9C29268D7500B36424 /* Release */,
			);
			defaultConfigurationIsVisible = 0;
			defaultConfigurationName = Release;
		};
		01847F9D29268D7500B36424 /* Build configuration list for PBXNativeTarget "PotocolOrientedUIKitTests" */ = {
			isa = XCConfigurationList;
			buildConfigurations = (
				01847F9E29268D7500B36424 /* Debug */,
				01847F9F29268D7500B36424 /* Release */,
			);
			defaultConfigurationIsVisible = 0;
			defaultConfigurationName = Release;
		};
		01847FA029268D7500B36424 /* Build configuration list for PBXNativeTarget "PotocolOrientedUIKitUITests" */ = {
			isa = XCConfigurationList;
			buildConfigurations = (
				01847FA129268D7500B36424 /* Debug */,
				01847FA229268D7500B36424 /* Release */,
			);
			defaultConfigurationIsVisible = 0;
			defaultConfigurationName = Release;
		};
/* End XCConfigurationList section */
	};
	rootObject = 01847F6829268D7400B36424 /* Project object */;
}
