// !$*UTF8*$!
{
	archiveVersion = 1;
	classes = {
	};
	objectVersion = 56;
	objects = {

/* Begin PBXBuildFile section */
		01FC134A291287C8001D54D0 /* AppDelegate.swift in Sources */ = {isa = PBXBuildFile; fileRef = 01FC1349291287C8001D54D0 /* AppDelegate.swift */; };
		01FC134C291287C8001D54D0 /* SceneDelegate.swift in Sources */ = {isa = PBXBuildFile; fileRef = 01FC134B291287C8001D54D0 /* SceneDelegate.swift */; };
		01FC134E291287C8001D54D0 /* ViewController.swift in Sources */ = {isa = PBXBuildFile; fileRef = 01FC134D291287C8001D54D0 /* ViewController.swift */; };
		01FC1351291287C8001D54D0 /* Main.storyboard in Resources */ = {isa = PBXBuildFile; fileRef = 01FC134F291287C8001D54D0 /* Main.storyboard */; };
		01FC1353291287C9001D54D0 /* Assets.xcassets in Resources */ = {isa = PBXBuildFile; fileRef = 01FC1352291287C9001D54D0 /* Assets.xcassets */; };
		01FC1356291287C9001D54D0 /* LaunchScreen.storyboard in Resources */ = {isa = PBXBuildFile; fileRef = 01FC1354291287C9001D54D0 /* LaunchScreen.storyboard */; };
		01FC136429128835001D54D0 /* KeyboardViewController.swift in Sources */ = {isa = PBXBuildFile; fileRef = 01FC136329128835001D54D0 /* KeyboardViewController.swift */; };
		01FC136829128835001D54D0 /* Hodor.appex in Embed Foundation Extensions */ = {isa = PBXBuildFile; fileRef = 01FC136129128835001D54D0 /* Hodor.appex */; settings = {ATTRIBUTES = (RemoveHeadersOnCopy, ); }; };
		01FC136E291289AA001D54D0 /* hodor.jpeg in Resources */ = {isa = PBXBuildFile; fileRef = 01FC136D291289A9001D54D0 /* hodor.jpeg */; };
/* End PBXBuildFile section */

/* Begin PBXContainerItemProxy section */
		01FC136629128835001D54D0 /* PBXContainerItemProxy */ = {
			isa = PBXContainerItemProxy;
			containerPortal = 01FC133E291287C8001D54D0 /* Project object */;
			proxyType = 1;
			remoteGlobalIDString = 01FC136029128835001D54D0;
			remoteInfo = Hodor;
		};
/* End PBXContainerItemProxy section */

/* Begin PBXCopyFilesBuildPhase section */
		01FC136C29128835001D54D0 /* Embed Foundation Extensions */ = {
			isa = PBXCopyFilesBuildPhase;
			buildActionMask = 2147483647;
			dstPath = "";
			dstSubfolderSpec = 13;
			files = (
				01FC136829128835001D54D0 /* Hodor.appex in Embed Foundation Extensions */,
			);
			name = "Embed Foundation Extensions";
			runOnlyForDeploymentPostprocessing = 0;
		};
/* End PBXCopyFilesBuildPhase section */

/* Begin PBXFileReference section */
		01FC1346291287C8001D54D0 /* HodorKeyboard.app */ = {isa = PBXFileReference; explicitFileType = wrapper.application; includeInIndex = 0; path = HodorKeyboard.app; sourceTree = BUILT_PRODUCTS_DIR; };
		01FC1349291287C8001D54D0 /* AppDelegate.swift */ = {isa = PBXFileReference; lastKnownFileType = sourcecode.swift; path = AppDelegate.swift; sourceTree = "<group>"; };
		01FC134B291287C8001D54D0 /* SceneDelegate.swift */ = {isa = PBXFileReference; lastKnownFileType = sourcecode.swift; path = SceneDelegate.swift; sourceTree = "<group>"; };
		01FC134D291287C8001D54D0 /* ViewController.swift */ = {isa = PBXFileReference; lastKnownFileType = sourcecode.swift; path = ViewController.swift; sourceTree = "<group>"; };
		01FC1350291287C8001D54D0 /* Base */ = {isa = PBXFileReference; lastKnownFileType = file.storyboard; name = Base; path = Base.lproj/Main.storyboard; sourceTree = "<group>"; };
		01FC1352291287C9001D54D0 /* Assets.xcassets */ = {isa = PBXFileReference; lastKnownFileType = folder.assetcatalog; path = Assets.xcassets; sourceTree = "<group>"; };
		01FC1355291287C9001D54D0 /* Base */ = {isa = PBXFileReference; lastKnownFileType = file.storyboard; name = Base; path = Base.lproj/LaunchScreen.storyboard; sourceTree = "<group>"; };
		01FC1357291287C9001D54D0 /* Info.plist */ = {isa = PBXFileReference; lastKnownFileType = text.plist.xml; path = Info.plist; sourceTree = "<group>"; };
		01FC136129128835001D54D0 /* Hodor.appex */ = {isa = PBXFileReference; explicitFileType = "wrapper.app-extension"; includeInIndex = 0; path = Hodor.appex; sourceTree = BUILT_PRODUCTS_DIR; };
		01FC136329128835001D54D0 /* KeyboardViewController.swift */ = {isa = PBXFileReference; lastKnownFileType = sourcecode.swift; path = KeyboardViewController.swift; sourceTree = "<group>"; };
		01FC136529128835001D54D0 /* Info.plist */ = {isa = PBXFileReference; lastKnownFileType = text.plist.xml; path = Info.plist; sourceTree = "<group>"; };
		01FC136D291289A9001D54D0 /* hodor.jpeg */ = {isa = PBXFileReference; lastKnownFileType = image.jpeg; name = hodor.jpeg; path = ../../../SwiftImages/hodor.jpeg; sourceTree = "<group>"; };
/* End PBXFileReference section */

/* Begin PBXFrameworksBuildPhase section */
		01FC1343291287C8001D54D0 /* Frameworks */ = {
			isa = PBXFrameworksBuildPhase;
			buildActionMask = 2147483647;
			files = (
			);
			runOnlyForDeploymentPostprocessing = 0;
		};
		01FC135E29128835001D54D0 /* Frameworks */ = {
			isa = PBXFrameworksBuildPhase;
			buildActionMask = 2147483647;
			files = (
			);
			runOnlyForDeploymentPostprocessing = 0;
		};
/* End PBXFrameworksBuildPhase section */

/* Begin PBXGroup section */
		01FC133D291287C8001D54D0 = {
			isa = PBXGroup;
			children = (
				01FC1348291287C8001D54D0 /* HodorKeyboard */,
				01FC136229128835001D54D0 /* Hodor */,
				01FC1347291287C8001D54D0 /* Products */,
			);
			sourceTree = "<group>";
		};
		01FC1347291287C8001D54D0 /* Products */ = {
			isa = PBXGroup;
			children = (
				01FC1346291287C8001D54D0 /* HodorKeyboard.app */,
				01FC136129128835001D54D0 /* Hodor.appex */,
			);
			name = Products;
			sourceTree = "<group>";
		};
		01FC1348291287C8001D54D0 /* HodorKeyboard */ = {
			isa = PBXGroup;
			children = (
				01FC1349291287C8001D54D0 /* AppDelegate.swift */,
				01FC134B291287C8001D54D0 /* SceneDelegate.swift */,
				01FC134D291287C8001D54D0 /* ViewController.swift */,
				01FC134F291287C8001D54D0 /* Main.storyboard */,
				01FC1352291287C9001D54D0 /* Assets.xcassets */,
				01FC1354291287C9001D54D0 /* LaunchScreen.storyboard */,
				01FC1357291287C9001D54D0 /* Info.plist */,
			);
			path = HodorKeyboard;
			sourceTree = "<group>";
		};
		01FC136229128835001D54D0 /* Hodor */ = {
			isa = PBXGroup;
			children = (
				01FC136D291289A9001D54D0 /* hodor.jpeg */,
				01FC136329128835001D54D0 /* KeyboardViewController.swift */,
				01FC136529128835001D54D0 /* Info.plist */,
			);
			path = Hodor;
			sourceTree = "<group>";
		};
/* End PBXGroup section */

/* Begin PBXNativeTarget section */
		01FC1345291287C8001D54D0 /* HodorKeyboard */ = {
			isa = PBXNativeTarget;
			buildConfigurationList = 01FC135A291287C9001D54D0 /* Build configuration list for PBXNativeTarget "HodorKeyboard" */;
			buildPhases = (
				01FC1342291287C8001D54D0 /* Sources */,
				01FC1343291287C8001D54D0 /* Frameworks */,
				01FC1344291287C8001D54D0 /* Resources */,
				01FC136C29128835001D54D0 /* Embed Foundation Extensions */,
			);
			buildRules = (
			);
			dependencies = (
				01FC136729128835001D54D0 /* PBXTargetDependency */,
			);
			name = HodorKeyboard;
			productName = HodorKeyboard;
			productReference = 01FC1346291287C8001D54D0 /* HodorKeyboard.app */;
			productType = "com.apple.product-type.application";
		};
		01FC136029128835001D54D0 /* Hodor */ = {
			isa = PBXNativeTarget;
			buildConfigurationList = 01FC136929128835001D54D0 /* Build configuration list for PBXNativeTarget "Hodor" */;
			buildPhases = (
				01FC135D29128835001D54D0 /* Sources */,
				01FC135E29128835001D54D0 /* Frameworks */,
				01FC135F29128835001D54D0 /* Resources */,
			);
			buildRules = (
			);
			dependencies = (
			);
			name = Hodor;
			productName = Hodor;
			productReference = 01FC136129128835001D54D0 /* Hodor.appex */;
			productType = "com.apple.product-type.app-extension";
		};
/* End PBXNativeTarget section */

/* Begin PBXProject section */
		01FC133E291287C8001D54D0 /* Project object */ = {
			isa = PBXProject;
			attributes = {
				BuildIndependentTargetsInParallel = 1;
				LastSwiftUpdateCheck = 1400;
				LastUpgradeCheck = 1400;
				TargetAttributes = {
					01FC1345291287C8001D54D0 = {
						CreatedOnToolsVersion = 14.0.1;
					};
					01FC136029128835001D54D0 = {
						CreatedOnToolsVersion = 14.0.1;
					};
				};
			};
			buildConfigurationList = 01FC1341291287C8001D54D0 /* Build configuration list for PBXProject "HodorKeyboard" */;
			compatibilityVersion = "Xcode 14.0";
			developmentRegion = en;
			hasScannedForEncodings = 0;
			knownRegions = (
				en,
				Base,
			);
			mainGroup = 01FC133D291287C8001D54D0;
			productRefGroup = 01FC1347291287C8001D54D0 /* Products */;
			projectDirPath = "";
			projectRoot = "";
			targets = (
				01FC1345291287C8001D54D0 /* HodorKeyboard */,
				01FC136029128835001D54D0 /* Hodor */,
			);
		};
/* End PBXProject section */

/* Begin PBXResourcesBuildPhase section */
		01FC1344291287C8001D54D0 /* Resources */ = {
			isa = PBXResourcesBuildPhase;
			buildActionMask = 2147483647;
			files = (
				01FC1356291287C9001D54D0 /* LaunchScreen.storyboard in Resources */,
				01FC1353291287C9001D54D0 /* Assets.xcassets in Resources */,
				01FC1351291287C8001D54D0 /* Main.storyboard in Resources */,
			);
			runOnlyForDeploymentPostprocessing = 0;
		};
		01FC135F29128835001D54D0 /* Resources */ = {
			isa = PBXResourcesBuildPhase;
			buildActionMask = 2147483647;
			files = (
				01FC136E291289AA001D54D0 /* hodor.jpeg in Resources */,
			);
			runOnlyForDeploymentPostprocessing = 0;
		};
/* End PBXResourcesBuildPhase section */

/* Begin PBXSourcesBuildPhase section */
		01FC1342291287C8001D54D0 /* Sources */ = {
			isa = PBXSourcesBuildPhase;
			buildActionMask = 2147483647;
			files = (
				01FC134E291287C8001D54D0 /* ViewController.swift in Sources */,
				01FC134A291287C8001D54D0 /* AppDelegate.swift in Sources */,
				01FC134C291287C8001D54D0 /* SceneDelegate.swift in Sources */,
			);
			runOnlyForDeploymentPostprocessing = 0;
		};
		01FC135D29128835001D54D0 /* Sources */ = {
			isa = PBXSourcesBuildPhase;
			buildActionMask = 2147483647;
			files = (
				01FC136429128835001D54D0 /* KeyboardViewController.swift in Sources */,
			);
			runOnlyForDeploymentPostprocessing = 0;
		};
/* End PBXSourcesBuildPhase section */

/* Begin PBXTargetDependency section */
		01FC136729128835001D54D0 /* PBXTargetDependency */ = {
			isa = PBXTargetDependency;
			target = 01FC136029128835001D54D0 /* Hodor */;
			targetProxy = 01FC136629128835001D54D0 /* PBXContainerItemProxy */;
		};
/* End PBXTargetDependency section */

/* Begin PBXVariantGroup section */
		01FC134F291287C8001D54D0 /* Main.storyboard */ = {
			isa = PBXVariantGroup;
			children = (
				01FC1350291287C8001D54D0 /* Base */,
			);
			name = Main.storyboard;
			sourceTree = "<group>";
		};
		01FC1354291287C9001D54D0 /* LaunchScreen.storyboard */ = {
			isa = PBXVariantGroup;
			children = (
				01FC1355291287C9001D54D0 /* Base */,
			);
			name = LaunchScreen.storyboard;
			sourceTree = "<group>";
		};
/* End PBXVariantGroup section */

/* Begin XCBuildConfiguration section */
		01FC1358291287C9001D54D0 /* Debug */ = {
			isa = XCBuildConfiguration;
			buildSettings = {
				ALWAYS_SEARCH_USER_PATHS = NO;
				CLANG_ANALYZER_NONNULL = YES;
				CLANG_ANALYZER_NUMBER_OBJECT_CONVERSION = YES_AGGRESSIVE;
				CLANG_CXX_LANGUAGE_STANDARD = "gnu++20";
				CLANG_ENABLE_MODULES = YES;
				CLANG_ENABLE_OBJC_ARC = YES;
				CLANG_ENABLE_OBJC_WEAK = YES;
				CLANG_WARN_BLOCK_CAPTURE_AUTORELEASING = YES;
				CLANG_WARN_BOOL_CONVERSION = YES;
				CLANG_WARN_COMMA = YES;
				CLANG_WARN_CONSTANT_CONVERSION = YES;
				CLANG_WARN_DEPRECATED_OBJC_IMPLEMENTATIONS = YES;
				CLANG_WARN_DIRECT_OBJC_ISA_USAGE = YES_ERROR;
				CLANG_WARN_DOCUMENTATION_COMMENTS = YES;
				CLANG_WARN_EMPTY_BODY = YES;
				CLANG_WARN_ENUM_CONVERSION = YES;
				CLANG_WARN_INFINITE_RECURSION = YES;
				CLANG_WARN_INT_CONVERSION = YES;
				CLANG_WARN_NON_LITERAL_NULL_CONVERSION = YES;
				CLANG_WARN_OBJC_IMPLICIT_RETAIN_SELF = YES;
				CLANG_WARN_OBJC_LITERAL_CONVERSION = YES;
				CLANG_WARN_OBJC_ROOT_CLASS = YES_ERROR;
				CLANG_WARN_QUOTED_INCLUDE_IN_FRAMEWORK_HEADER = YES;
				CLANG_WARN_RANGE_LOOP_ANALYSIS = YES;
				CLANG_WARN_STRICT_PROTOTYPES = YES;
				CLANG_WARN_SUSPICIOUS_MOVE = YES;
				CLANG_WARN_UNGUARDED_AVAILABILITY = YES_AGGRESSIVE;
				CLANG_WARN_UNREACHABLE_CODE = YES;
				CLANG_WARN__DUPLICATE_METHOD_MATCH = YES;
				COPY_PHASE_STRIP = NO;
				DEBUG_INFORMATION_FORMAT = dwarf;
				ENABLE_STRICT_OBJC_MSGSEND = YES;
				ENABLE_TESTABILITY = YES;
				GCC_C_LANGUAGE_STANDARD = gnu11;
				GCC_DYNAMIC_NO_PIC = NO;
				GCC_NO_COMMON_BLOCKS = YES;
				GCC_OPTIMIZATION_LEVEL = 0;
				GCC_PREPROCESSOR_DEFINITIONS = (
					"DEBUG=1",
					"$(inherited)",
				);
				GCC_WARN_64_TO_32_BIT_CONVERSION = YES;
				GCC_WARN_ABOUT_RETURN_TYPE = YES_ERROR;
				GCC_WARN_UNDECLARED_SELECTOR = YES;
				GCC_WARN_UNINITIALIZED_AUTOS = YES_AGGRESSIVE;
				GCC_WARN_UNUSED_FUNCTION = YES;
				GCC_WARN_UNUSED_VARIABLE = YES;
				IPHONEOS_DEPLOYMENT_TARGET = 16.0;
				MTL_ENABLE_DEBUG_INFO = INCLUDE_SOURCE;
				MTL_FAST_MATH = YES;
				ONLY_ACTIVE_ARCH = YES;
				SDKROOT = iphoneos;
				SWIFT_ACTIVE_COMPILATION_CONDITIONS = DEBUG;
				SWIFT_OPTIMIZATION_LEVEL = "-Onone";
			};
			name = Debug;
		};
		01FC1359291287C9001D54D0 /* Release */ = {
			isa = XCBuildConfiguration;
			buildSettings = {
				ALWAYS_SEARCH_USER_PATHS = NO;
				CLANG_ANALYZER_NONNULL = YES;
				CLANG_ANALYZER_NUMBER_OBJECT_CONVERSION = YES_AGGRESSIVE;
				CLANG_CXX_LANGUAGE_STANDARD = "gnu++20";
				CLANG_ENABLE_MODULES = YES;
				CLANG_ENABLE_OBJC_ARC = YES;
				CLANG_ENABLE_OBJC_WEAK = YES;
				CLANG_WARN_BLOCK_CAPTURE_AUTORELEASING = YES;
				CLANG_WARN_BOOL_CONVERSION = YES;
				CLANG_WARN_COMMA = YES;
				CLANG_WARN_CONSTANT_CONVERSION = YES;
				CLANG_WARN_DEPRECATED_OBJC_IMPLEMENTATIONS = YES;
				CLANG_WARN_DIRECT_OBJC_ISA_USAGE = YES_ERROR;
				CLANG_WARN_DOCUMENTATION_COMMENTS = YES;
				CLANG_WARN_EMPTY_BODY = YES;
				CLANG_WARN_ENUM_CONVERSION = YES;
				CLANG_WARN_INFINITE_RECURSION = YES;
				CLANG_WARN_INT_CONVERSION = YES;
				CLANG_WARN_NON_LITERAL_NULL_CONVERSION = YES;
				CLANG_WARN_OBJC_IMPLICIT_RETAIN_SELF = YES;
				CLANG_WARN_OBJC_LITERAL_CONVERSION = YES;
				CLANG_WARN_OBJC_ROOT_CLASS = YES_ERROR;
				CLANG_WARN_QUOTED_INCLUDE_IN_FRAMEWORK_HEADER = YES;
				CLANG_WARN_RANGE_LOOP_ANALYSIS = YES;
				CLANG_WARN_STRICT_PROTOTYPES = YES;
				CLANG_WARN_SUSPICIOUS_MOVE = YES;
				CLANG_WARN_UNGUARDED_AVAILABILITY = YES_AGGRESSIVE;
				CLANG_WARN_UNREACHABLE_CODE = YES;
				CLANG_WARN__DUPLICATE_METHOD_MATCH = YES;
				COPY_PHASE_STRIP = NO;
				DEBUG_INFORMATION_FORMAT = "dwarf-with-dsym";
				ENABLE_NS_ASSERTIONS = NO;
				ENABLE_STRICT_OBJC_MSGSEND = YES;
				GCC_C_LANGUAGE_STANDARD = gnu11;
				GCC_NO_COMMON_BLOCKS = YES;
				GCC_WARN_64_TO_32_BIT_CONVERSION = YES;
				GCC_WARN_ABOUT_RETURN_TYPE = YES_ERROR;
				GCC_WARN_UNDECLARED_SELECTOR = YES;
				GCC_WARN_UNINITIALIZED_AUTOS = YES_AGGRESSIVE;
				GCC_WARN_UNUSED_FUNCTION = YES;
				GCC_WARN_UNUSED_VARIABLE = YES;
				IPHONEOS_DEPLOYMENT_TARGET = 16.0;
				MTL_ENABLE_DEBUG_INFO = NO;
				MTL_FAST_MATH = YES;
				SDKROOT = iphoneos;
				SWIFT_COMPILATION_MODE = wholemodule;
				SWIFT_OPTIMIZATION_LEVEL = "-O";
				VALIDATE_PRODUCT = YES;
			};
			name = Release;
		};
		01FC135B291287C9001D54D0 /* Debug */ = {
			isa = XCBuildConfiguration;
			buildSettings = {
				ALWAYS_EMBED_SWIFT_STANDARD_LIBRARIES = YES;
				ASSETCATALOG_COMPILER_APPICON_NAME = AppIcon;
				ASSETCATALOG_COMPILER_GLOBAL_ACCENT_COLOR_NAME = AccentColor;
				CODE_SIGN_STYLE = Automatic;
				CURRENT_PROJECT_VERSION = 1;
				DEVELOPMENT_TEAM = VG7V6PNA57;
				GENERATE_INFOPLIST_FILE = YES;
				INFOPLIST_FILE = HodorKeyboard/Info.plist;
				INFOPLIST_KEY_UIApplicationSupportsIndirectInputEvents = YES;
				INFOPLIST_KEY_UILaunchStoryboardName = LaunchScreen;
				INFOPLIST_KEY_UIMainStoryboardFile = Main;
				INFOPLIST_KEY_UISupportedInterfaceOrientations_iPad = "UIInterfaceOrientationPortrait UIInterfaceOrientationPortraitUpsideDown UIInterfaceOrientationLandscapeLeft UIInterfaceOrientationLandscapeRight";
				INFOPLIST_KEY_UISupportedInterfaceOrientations_iPhone = "UIInterfaceOrientationPortrait UIInterfaceOrientationLandscapeLeft UIInterfaceOrientationLandscapeRight";
				LD_RUNPATH_SEARCH_PATHS = (
					"$(inherited)",
					"@executable_path/Frameworks",
				);
				MARKETING_VERSION = 1.0;
				PRODUCT_BUNDLE_IDENTIFIER = com.bertughoroz.HodorKeyboard;
				PRODUCT_NAME = "$(TARGET_NAME)";
				SWIFT_EMIT_LOC_STRINGS = YES;
				SWIFT_VERSION = 5.0;
				TARGETED_DEVICE_FAMILY = "1,2";
			};
			name = Debug;
		};
		01FC135C291287C9001D54D0 /* Release */ = {
			isa = XCBuildConfiguration;
			buildSettings = {
				ALWAYS_EMBED_SWIFT_STANDARD_LIBRARIES = YES;
				ASSETCATALOG_COMPILER_APPICON_NAME = AppIcon;
				ASSETCATALOG_COMPILER_GLOBAL_ACCENT_COLOR_NAME = AccentColor;
				CODE_SIGN_STYLE = Automatic;
				CURRENT_PROJECT_VERSION = 1;
				DEVELOPMENT_TEAM = VG7V6PNA57;
				GENERATE_INFOPLIST_FILE = YES;
				INFOPLIST_FILE = HodorKeyboard/Info.plist;
				INFOPLIST_KEY_UIApplicationSupportsIndirectInputEvents = YES;
				INFOPLIST_KEY_UILaunchStoryboardName = LaunchScreen;
				INFOPLIST_KEY_UIMainStoryboardFile = Main;
				INFOPLIST_KEY_UISupportedInterfaceOrientations_iPad = "UIInterfaceOrientationPortrait UIInterfaceOrientationPortraitUpsideDown UIInterfaceOrientationLandscapeLeft UIInterfaceOrientationLandscapeRight";
				INFOPLIST_KEY_UISupportedInterfaceOrientations_iPhone = "UIInterfaceOrientationPortrait UIInterfaceOrientationLandscapeLeft UIInterfaceOrientationLandscapeRight";
				LD_RUNPATH_SEARCH_PATHS = (
					"$(inherited)",
					"@executable_path/Frameworks",
				);
				MARKETING_VERSION = 1.0;
				PRODUCT_BUNDLE_IDENTIFIER = com.bertughoroz.HodorKeyboard;
				PRODUCT_NAME = "$(TARGET_NAME)";
				SWIFT_EMIT_LOC_STRINGS = YES;
				SWIFT_VERSION = 5.0;
				TARGETED_DEVICE_FAMILY = "1,2";
			};
			name = Release;
		};
		01FC136A29128835001D54D0 /* Debug */ = {
			isa = XCBuildConfiguration;
			buildSettings = {
				CODE_SIGN_STYLE = Automatic;
				CURRENT_PROJECT_VERSION = 1;
				DEVELOPMENT_TEAM = VG7V6PNA57;
				GENERATE_INFOPLIST_FILE = YES;
				INFOPLIST_FILE = Hodor/Info.plist;
				INFOPLIST_KEY_CFBundleDisplayName = Hodor;
				INFOPLIST_KEY_NSHumanReadableCopyright = "";
				LD_RUNPATH_SEARCH_PATHS = (
					"$(inherited)",
					"@executable_path/Frameworks",
					"@executable_path/../../Frameworks",
				);
				MARKETING_VERSION = 1.0;
				PRODUCT_BUNDLE_IDENTIFIER = com.bertughoroz.HodorKeyboard.Hodor;
				PRODUCT_NAME = "$(TARGET_NAME)";
				SKIP_INSTALL = YES;
				SWIFT_EMIT_LOC_STRINGS = YES;
				SWIFT_VERSION = 5.0;
				TARGETED_DEVICE_FAMILY = "1,2";
			};
			name = Debug;
		};
		01FC136B29128835001D54D0 /* Release */ = {
			isa = XCBuildConfiguration;
			buildSettings = {
				CODE_SIGN_STYLE = Automatic;
				CURRENT_PROJECT_VERSION = 1;
				DEVELOPMENT_TEAM = VG7V6PNA57;
				GENERATE_INFOPLIST_FILE = YES;
				INFOPLIST_FILE = Hodor/Info.plist;
				INFOPLIST_KEY_CFBundleDisplayName = Hodor;
				INFOPLIST_KEY_NSHumanReadableCopyright = "";
				LD_RUNPATH_SEARCH_PATHS = (
					"$(inherited)",
					"@executable_path/Frameworks",
					"@executable_path/../../Frameworks",
				);
				MARKETING_VERSION = 1.0;
				PRODUCT_BUNDLE_IDENTIFIER = com.bertughoroz.HodorKeyboard.Hodor;
				PRODUCT_NAME = "$(TARGET_NAME)";
				SKIP_INSTALL = YES;
				SWIFT_EMIT_LOC_STRINGS = YES;
				SWIFT_VERSION = 5.0;
				TARGETED_DEVICE_FAMILY = "1,2";
			};
			name = Release;
		};
/* End XCBuildConfiguration section */

/* Begin XCConfigurationList section */
		01FC1341291287C8001D54D0 /* Build configuration list for PBXProject "HodorKeyboard" */ = {
			isa = XCConfigurationList;
			buildConfigurations = (
				01FC1358291287C9001D54D0 /* Debug */,
				01FC1359291287C9001D54D0 /* Release */,
			);
			defaultConfigurationIsVisible = 0;
			defaultConfigurationName = Release;
		};
		01FC135A291287C9001D54D0 /* Build configuration list for PBXNativeTarget "HodorKeyboard" */ = {
			isa = XCConfigurationList;
			buildConfigurations = (
				01FC135B291287C9001D54D0 /* Debug */,
				01FC135C291287C9001D54D0 /* Release */,
			);
			defaultConfigurationIsVisible = 0;
			defaultConfigurationName = Release;
		};
		01FC136929128835001D54D0 /* Build configuration list for PBXNativeTarget "Hodor" */ = {
			isa = XCConfigurationList;
			buildConfigurations = (
				01FC136A29128835001D54D0 /* Debug */,
				01FC136B29128835001D54D0 /* Release */,
			);
			defaultConfigurationIsVisible = 0;
			defaultConfigurationName = Release;
		};
/* End XCConfigurationList section */
	};
	rootObject = 01FC133E291287C8001D54D0 /* Project object */;
}
