// !$*UTF8*$!
{
	archiveVersion = 1;
	classes = {
	};
	objectVersion = 56;
	objects = {

/* Begin PBXBuildFile section */
		011EAD922904262300DDCEF1 /* AppDelegate.swift in Sources */ = {isa = PBXBuildFile; fileRef = 011EAD912904262300DDCEF1 /* AppDelegate.swift */; };
		011EAD942904262300DDCEF1 /* SceneDelegate.swift in Sources */ = {isa = PBXBuildFile; fileRef = 011EAD932904262300DDCEF1 /* SceneDelegate.swift */; };
		011EAD962904262300DDCEF1 /* ViewController.swift in Sources */ = {isa = PBXBuildFile; fileRef = 011EAD952904262300DDCEF1 /* ViewController.swift */; };
		011EAD992904262300DDCEF1 /* Main.storyboard in Resources */ = {isa = PBXBuildFile; fileRef = 011EAD972904262300DDCEF1 /* Main.storyboard */; };
		011EAD9B2904262400DDCEF1 /* Assets.xcassets in Resources */ = {isa = PBXBuildFile; fileRef = 011EAD9A2904262400DDCEF1 /* Assets.xcassets */; };
		011EAD9E2904262400DDCEF1 /* LaunchScreen.storyboard in Resources */ = {isa = PBXBuildFile; fileRef = 011EAD9C2904262400DDCEF1 /* LaunchScreen.storyboard */; };
		011EADA92904262400DDCEF1 /* BirthdayNoteTakerTests.swift in Sources */ = {isa = PBXBuildFile; fileRef = 011EADA82904262400DDCEF1 /* BirthdayNoteTakerTests.swift */; };
		011EADB32904262400DDCEF1 /* BirthdayNoteTakerUITests.swift in Sources */ = {isa = PBXBuildFile; fileRef = 011EADB22904262400DDCEF1 /* BirthdayNoteTakerUITests.swift */; };
		011EADB52904262400DDCEF1 /* BirthdayNoteTakerUITestsLaunchTests.swift in Sources */ = {isa = PBXBuildFile; fileRef = 011EADB42904262400DDCEF1 /* BirthdayNoteTakerUITestsLaunchTests.swift */; };
/* End PBXBuildFile section */

/* Begin PBXContainerItemProxy section */
		011EADA52904262400DDCEF1 /* PBXContainerItemProxy */ = {
			isa = PBXContainerItemProxy;
			containerPortal = 011EAD862904262300DDCEF1 /* Project object */;
			proxyType = 1;
			remoteGlobalIDString = 011EAD8D2904262300DDCEF1;
			remoteInfo = BirthdayNoteTaker;
		};
		011EADAF2904262400DDCEF1 /* PBXContainerItemProxy */ = {
			isa = PBXContainerItemProxy;
			containerPortal = 011EAD862904262300DDCEF1 /* Project object */;
			proxyType = 1;
			remoteGlobalIDString = 011EAD8D2904262300DDCEF1;
			remoteInfo = BirthdayNoteTaker;
		};
/* End PBXContainerItemProxy section */

/* Begin PBXFileReference section */
		011EAD8E2904262300DDCEF1 /* BirthdayNoteTaker.app */ = {isa = PBXFileReference; explicitFileType = wrapper.application; includeInIndex = 0; path = BirthdayNoteTaker.app; sourceTree = BUILT_PRODUCTS_DIR; };
		011EAD912904262300DDCEF1 /* AppDelegate.swift */ = {isa = PBXFileReference; lastKnownFileType = sourcecode.swift; path = AppDelegate.swift; sourceTree = "<group>"; };
		011EAD932904262300DDCEF1 /* SceneDelegate.swift */ = {isa = PBXFileReference; lastKnownFileType = sourcecode.swift; path = SceneDelegate.swift; sourceTree = "<group>"; };
		011EAD952904262300DDCEF1 /* ViewController.swift */ = {isa = PBXFileReference; lastKnownFileType = sourcecode.swift; path = ViewController.swift; sourceTree = "<group>"; };
		011EAD982904262300DDCEF1 /* Base */ = {isa = PBXFileReference; lastKnownFileType = file.storyboard; name = Base; path = Base.lproj/Main.storyboard; sourceTree = "<group>"; };
		011EAD9A2904262400DDCEF1 /* Assets.xcassets */ = {isa = PBXFileReference; lastKnownFileType = folder.assetcatalog; path = Assets.xcassets; sourceTree = "<group>"; };
		011EAD9D2904262400DDCEF1 /* Base */ = {isa = PBXFileReference; lastKnownFileType = file.storyboard; name = Base; path = Base.lproj/LaunchScreen.storyboard; sourceTree = "<group>"; };
		011EAD9F2904262400DDCEF1 /* Info.plist */ = {isa = PBXFileReference; lastKnownFileType = text.plist.xml; path = Info.plist; sourceTree = "<group>"; };
		011EADA42904262400DDCEF1 /* BirthdayNoteTakerTests.xctest */ = {isa = PBXFileReference; explicitFileType = wrapper.cfbundle; includeInIndex = 0; path = BirthdayNoteTakerTests.xctest; sourceTree = BUILT_PRODUCTS_DIR; };
		011EADA82904262400DDCEF1 /* BirthdayNoteTakerTests.swift */ = {isa = PBXFileReference; lastKnownFileType = sourcecode.swift; path = BirthdayNoteTakerTests.swift; sourceTree = "<group>"; };
		011EADAE2904262400DDCEF1 /* BirthdayNoteTakerUITests.xctest */ = {isa = PBXFileReference; explicitFileType = wrapper.cfbundle; includeInIndex = 0; path = BirthdayNoteTakerUITests.xctest; sourceTree = BUILT_PRODUCTS_DIR; };
		011EADB22904262400DDCEF1 /* BirthdayNoteTakerUITests.swift */ = {isa = PBXFileReference; lastKnownFileType = sourcecode.swift; path = BirthdayNoteTakerUITests.swift; sourceTree = "<group>"; };
		011EADB42904262400DDCEF1 /* BirthdayNoteTakerUITestsLaunchTests.swift */ = {isa = PBXFileReference; lastKnownFileType = sourcecode.swift; path = BirthdayNoteTakerUITestsLaunchTests.swift; sourceTree = "<group>"; };
/* End PBXFileReference section */

/* Begin PBXFrameworksBuildPhase section */
		011EAD8B2904262300DDCEF1 /* Frameworks */ = {
			isa = PBXFrameworksBuildPhase;
			buildActionMask = 2147483647;
			files = (
			);
			runOnlyForDeploymentPostprocessing = 0;
		};
		011EADA12904262400DDCEF1 /* Frameworks */ = {
			isa = PBXFrameworksBuildPhase;
			buildActionMask = 2147483647;
			files = (
			);
			runOnlyForDeploymentPostprocessing = 0;
		};
		011EADAB2904262400DDCEF1 /* Frameworks */ = {
			isa = PBXFrameworksBuildPhase;
			buildActionMask = 2147483647;
			files = (
			);
			runOnlyForDeploymentPostprocessing = 0;
		};
/* End PBXFrameworksBuildPhase section */

/* Begin PBXGroup section */
		011EAD852904262300DDCEF1 = {
			isa = PBXGroup;
			children = (
				011EAD902904262300DDCEF1 /* BirthdayNoteTaker */,
				011EADA72904262400DDCEF1 /* BirthdayNoteTakerTests */,
				011EADB12904262400DDCEF1 /* BirthdayNoteTakerUITests */,
				011EAD8F2904262300DDCEF1 /* Products */,
			);
			sourceTree = "<group>";
		};
		011EAD8F2904262300DDCEF1 /* Products */ = {
			isa = PBXGroup;
			children = (
				011EAD8E2904262300DDCEF1 /* BirthdayNoteTaker.app */,
				011EADA42904262400DDCEF1 /* BirthdayNoteTakerTests.xctest */,
				011EADAE2904262400DDCEF1 /* BirthdayNoteTakerUITests.xctest */,
			);
			name = Products;
			sourceTree = "<group>";
		};
		011EAD902904262300DDCEF1 /* BirthdayNoteTaker */ = {
			isa = PBXGroup;
			children = (
				011EAD912904262300DDCEF1 /* AppDelegate.swift */,
				011EAD932904262300DDCEF1 /* SceneDelegate.swift */,
				011EAD952904262300DDCEF1 /* ViewController.swift */,
				011EAD972904262300DDCEF1 /* Main.storyboard */,
				011EAD9A2904262400DDCEF1 /* Assets.xcassets */,
				011EAD9C2904262400DDCEF1 /* LaunchScreen.storyboard */,
				011EAD9F2904262400DDCEF1 /* Info.plist */,
			);
			path = BirthdayNoteTaker;
			sourceTree = "<group>";
		};
		011EADA72904262400DDCEF1 /* BirthdayNoteTakerTests */ = {
			isa = PBXGroup;
			children = (
				011EADA82904262400DDCEF1 /* BirthdayNoteTakerTests.swift */,
			);
			path = BirthdayNoteTakerTests;
			sourceTree = "<group>";
		};
		011EADB12904262400DDCEF1 /* BirthdayNoteTakerUITests */ = {
			isa = PBXGroup;
			children = (
				011EADB22904262400DDCEF1 /* BirthdayNoteTakerUITests.swift */,
				011EADB42904262400DDCEF1 /* BirthdayNoteTakerUITestsLaunchTests.swift */,
			);
			path = BirthdayNoteTakerUITests;
			sourceTree = "<group>";
		};
/* End PBXGroup section */

/* Begin PBXNativeTarget section */
		011EAD8D2904262300DDCEF1 /* BirthdayNoteTaker */ = {
			isa = PBXNativeTarget;
			buildConfigurationList = 011EADB82904262400DDCEF1 /* Build configuration list for PBXNativeTarget "BirthdayNoteTaker" */;
			buildPhases = (
				011EAD8A2904262300DDCEF1 /* Sources */,
				011EAD8B2904262300DDCEF1 /* Frameworks */,
				011EAD8C2904262300DDCEF1 /* Resources */,
			);
			buildRules = (
			);
			dependencies = (
			);
			name = BirthdayNoteTaker;
			productName = BirthdayNoteTaker;
			productReference = 011EAD8E2904262300DDCEF1 /* BirthdayNoteTaker.app */;
			productType = "com.apple.product-type.application";
		};
		011EADA32904262400DDCEF1 /* BirthdayNoteTakerTests */ = {
			isa = PBXNativeTarget;
			buildConfigurationList = 011EADBB2904262400DDCEF1 /* Build configuration list for PBXNativeTarget "BirthdayNoteTakerTests" */;
			buildPhases = (
				011EADA02904262400DDCEF1 /* Sources */,
				011EADA12904262400DDCEF1 /* Frameworks */,
				011EADA22904262400DDCEF1 /* Resources */,
			);
			buildRules = (
			);
			dependencies = (
				011EADA62904262400DDCEF1 /* PBXTargetDependency */,
			);
			name = BirthdayNoteTakerTests;
			productName = BirthdayNoteTakerTests;
			productReference = 011EADA42904262400DDCEF1 /* BirthdayNoteTakerTests.xctest */;
			productType = "com.apple.product-type.bundle.unit-test";
		};
		011EADAD2904262400DDCEF1 /* BirthdayNoteTakerUITests */ = {
			isa = PBXNativeTarget;
			buildConfigurationList = 011EADBE2904262400DDCEF1 /* Build configuration list for PBXNativeTarget "BirthdayNoteTakerUITests" */;
			buildPhases = (
				011EADAA2904262400DDCEF1 /* Sources */,
				011EADAB2904262400DDCEF1 /* Frameworks */,
				011EADAC2904262400DDCEF1 /* Resources */,
			);
			buildRules = (
			);
			dependencies = (
				011EADB02904262400DDCEF1 /* PBXTargetDependency */,
			);
			name = BirthdayNoteTakerUITests;
			productName = BirthdayNoteTakerUITests;
			productReference = 011EADAE2904262400DDCEF1 /* BirthdayNoteTakerUITests.xctest */;
			productType = "com.apple.product-type.bundle.ui-testing";
		};
/* End PBXNativeTarget section */

/* Begin PBXProject section */
		011EAD862904262300DDCEF1 /* Project object */ = {
			isa = PBXProject;
			attributes = {
				BuildIndependentTargetsInParallel = 1;
				LastSwiftUpdateCheck = 1400;
				LastUpgradeCheck = 1400;
				TargetAttributes = {
					011EAD8D2904262300DDCEF1 = {
						CreatedOnToolsVersion = 14.0.1;
					};
					011EADA32904262400DDCEF1 = {
						CreatedOnToolsVersion = 14.0.1;
						TestTargetID = 011EAD8D2904262300DDCEF1;
					};
					011EADAD2904262400DDCEF1 = {
						CreatedOnToolsVersion = 14.0.1;
						TestTargetID = 011EAD8D2904262300DDCEF1;
					};
				};
			};
			buildConfigurationList = 011EAD892904262300DDCEF1 /* Build configuration list for PBXProject "BirthdayNoteTaker" */;
			compatibilityVersion = "Xcode 14.0";
			developmentRegion = en;
			hasScannedForEncodings = 0;
			knownRegions = (
				en,
				Base,
			);
			mainGroup = 011EAD852904262300DDCEF1;
			productRefGroup = 011EAD8F2904262300DDCEF1 /* Products */;
			projectDirPath = "";
			projectRoot = "";
			targets = (
				011EAD8D2904262300DDCEF1 /* BirthdayNoteTaker */,
				011EADA32904262400DDCEF1 /* BirthdayNoteTakerTests */,
				011EADAD2904262400DDCEF1 /* BirthdayNoteTakerUITests */,
			);
		};
/* End PBXProject section */

/* Begin PBXResourcesBuildPhase section */
		011EAD8C2904262300DDCEF1 /* Resources */ = {
			isa = PBXResourcesBuildPhase;
			buildActionMask = 2147483647;
			files = (
				011EAD9E2904262400DDCEF1 /* LaunchScreen.storyboard in Resources */,
				011EAD9B2904262400DDCEF1 /* Assets.xcassets in Resources */,
				011EAD992904262300DDCEF1 /* Main.storyboard in Resources */,
			);
			runOnlyForDeploymentPostprocessing = 0;
		};
		011EADA22904262400DDCEF1 /* Resources */ = {
			isa = PBXResourcesBuildPhase;
			buildActionMask = 2147483647;
			files = (
			);
			runOnlyForDeploymentPostprocessing = 0;
		};
		011EADAC2904262400DDCEF1 /* Resources */ = {
			isa = PBXResourcesBuildPhase;
			buildActionMask = 2147483647;
			files = (
			);
			runOnlyForDeploymentPostprocessing = 0;
		};
/* End PBXResourcesBuildPhase section */

/* Begin PBXSourcesBuildPhase section */
		011EAD8A2904262300DDCEF1 /* Sources */ = {
			isa = PBXSourcesBuildPhase;
			buildActionMask = 2147483647;
			files = (
				011EAD962904262300DDCEF1 /* ViewController.swift in Sources */,
				011EAD922904262300DDCEF1 /* AppDelegate.swift in Sources */,
				011EAD942904262300DDCEF1 /* SceneDelegate.swift in Sources */,
			);
			runOnlyForDeploymentPostprocessing = 0;
		};
		011EADA02904262400DDCEF1 /* Sources */ = {
			isa = PBXSourcesBuildPhase;
			buildActionMask = 2147483647;
			files = (
				011EADA92904262400DDCEF1 /* BirthdayNoteTakerTests.swift in Sources */,
			);
			runOnlyForDeploymentPostprocessing = 0;
		};
		011EADAA2904262400DDCEF1 /* Sources */ = {
			isa = PBXSourcesBuildPhase;
			buildActionMask = 2147483647;
			files = (
				011EADB32904262400DDCEF1 /* BirthdayNoteTakerUITests.swift in Sources */,
				011EADB52904262400DDCEF1 /* BirthdayNoteTakerUITestsLaunchTests.swift in Sources */,
			);
			runOnlyForDeploymentPostprocessing = 0;
		};
/* End PBXSourcesBuildPhase section */

/* Begin PBXTargetDependency section */
		011EADA62904262400DDCEF1 /* PBXTargetDependency */ = {
			isa = PBXTargetDependency;
			target = 011EAD8D2904262300DDCEF1 /* BirthdayNoteTaker */;
			targetProxy = 011EADA52904262400DDCEF1 /* PBXContainerItemProxy */;
		};
		011EADB02904262400DDCEF1 /* PBXTargetDependency */ = {
			isa = PBXTargetDependency;
			target = 011EAD8D2904262300DDCEF1 /* BirthdayNoteTaker */;
			targetProxy = 011EADAF2904262400DDCEF1 /* PBXContainerItemProxy */;
		};
/* End PBXTargetDependency section */

/* Begin PBXVariantGroup section */
		011EAD972904262300DDCEF1 /* Main.storyboard */ = {
			isa = PBXVariantGroup;
			children = (
				011EAD982904262300DDCEF1 /* Base */,
			);
			name = Main.storyboard;
			sourceTree = "<group>";
		};
		011EAD9C2904262400DDCEF1 /* LaunchScreen.storyboard */ = {
			isa = PBXVariantGroup;
			children = (
				011EAD9D2904262400DDCEF1 /* Base */,
			);
			name = LaunchScreen.storyboard;
			sourceTree = "<group>";
		};
/* End PBXVariantGroup section */

/* Begin XCBuildConfiguration section */
		011EADB62904262400DDCEF1 /* Debug */ = {
			isa = XCBuildConfiguration;
			buildSettings = {
				ALWAYS_SEARCH_USER_PATHS = NO;
				CLANG_ANALYZER_NONNULL = YES;
				CLANG_ANALYZER_NUMBER_OBJECT_CONVERSION = YES_AGGRESSIVE;
				CLANG_CXX_LANGUAGE_STANDARD = "gnu++20";
				CLANG_ENABLE_MODULES = YES;
				CLANG_ENABLE_OBJC_ARC = YES;
				CLANG_ENABLE_OBJC_WEAK = YES;
				CLANG_WARN_BLOCK_CAPTURE_AUTORELEASING = YES;
				CLANG_WARN_BOOL_CONVERSION = YES;
				CLANG_WARN_COMMA = YES;
				CLANG_WARN_CONSTANT_CONVERSION = YES;
				CLANG_WARN_DEPRECATED_OBJC_IMPLEMENTATIONS = YES;
				CLANG_WARN_DIRECT_OBJC_ISA_USAGE = YES_ERROR;
				CLANG_WARN_DOCUMENTATION_COMMENTS = YES;
				CLANG_WARN_EMPTY_BODY = YES;
				CLANG_WARN_ENUM_CONVERSION = YES;
				CLANG_WARN_INFINITE_RECURSION = YES;
				CLANG_WARN_INT_CONVERSION = YES;
				CLANG_WARN_NON_LITERAL_NULL_CONVERSION = YES;
				CLANG_WARN_OBJC_IMPLICIT_RETAIN_SELF = YES;
				CLANG_WARN_OBJC_LITERAL_CONVERSION = YES;
				CLANG_WARN_OBJC_ROOT_CLASS = YES_ERROR;
				CLANG_WARN_QUOTED_INCLUDE_IN_FRAMEWORK_HEADER = YES;
				CLANG_WARN_RANGE_LOOP_ANALYSIS = YES;
				CLANG_WARN_STRICT_PROTOTYPES = YES;
				CLANG_WARN_SUSPICIOUS_MOVE = YES;
				CLANG_WARN_UNGUARDED_AVAILABILITY = YES_AGGRESSIVE;
				CLANG_WARN_UNREACHABLE_CODE = YES;
				CLANG_WARN__DUPLICATE_METHOD_MATCH = YES;
				COPY_PHASE_STRIP = NO;
				DEBUG_INFORMATION_FORMAT = dwarf;
				ENABLE_STRICT_OBJC_MSGSEND = YES;
				ENABLE_TESTABILITY = YES;
				GCC_C_LANGUAGE_STANDARD = gnu11;
				GCC_DYNAMIC_NO_PIC = NO;
				GCC_NO_COMMON_BLOCKS = YES;
				GCC_OPTIMIZATION_LEVEL = 0;
				GCC_PREPROCESSOR_DEFINITIONS = (
					"DEBUG=1",
					"$(inherited)",
				);
				GCC_WARN_64_TO_32_BIT_CONVERSION = YES;
				GCC_WARN_ABOUT_RETURN_TYPE = YES_ERROR;
				GCC_WARN_UNDECLARED_SELECTOR = YES;
				GCC_WARN_UNINITIALIZED_AUTOS = YES_AGGRESSIVE;
				GCC_WARN_UNUSED_FUNCTION = YES;
				GCC_WARN_UNUSED_VARIABLE = YES;
				IPHONEOS_DEPLOYMENT_TARGET = 16.0;
				MTL_ENABLE_DEBUG_INFO = INCLUDE_SOURCE;
				MTL_FAST_MATH = YES;
				ONLY_ACTIVE_ARCH = YES;
				SDKROOT = iphoneos;
				SWIFT_ACTIVE_COMPILATION_CONDITIONS = DEBUG;
				SWIFT_OPTIMIZATION_LEVEL = "-Onone";
			};
			name = Debug;
		};
		011EADB72904262400DDCEF1 /* Release */ = {
			isa = XCBuildConfiguration;
			buildSettings = {
				ALWAYS_SEARCH_USER_PATHS = NO;
				CLANG_ANALYZER_NONNULL = YES;
				CLANG_ANALYZER_NUMBER_OBJECT_CONVERSION = YES_AGGRESSIVE;
				CLANG_CXX_LANGUAGE_STANDARD = "gnu++20";
				CLANG_ENABLE_MODULES = YES;
				CLANG_ENABLE_OBJC_ARC = YES;
				CLANG_ENABLE_OBJC_WEAK = YES;
				CLANG_WARN_BLOCK_CAPTURE_AUTORELEASING = YES;
				CLANG_WARN_BOOL_CONVERSION = YES;
				CLANG_WARN_COMMA = YES;
				CLANG_WARN_CONSTANT_CONVERSION = YES;
				CLANG_WARN_DEPRECATED_OBJC_IMPLEMENTATIONS = YES;
				CLANG_WARN_DIRECT_OBJC_ISA_USAGE = YES_ERROR;
				CLANG_WARN_DOCUMENTATION_COMMENTS = YES;
				CLANG_WARN_EMPTY_BODY = YES;
				CLANG_WARN_ENUM_CONVERSION = YES;
				CLANG_WARN_INFINITE_RECURSION = YES;
				CLANG_WARN_INT_CONVERSION = YES;
				CLANG_WARN_NON_LITERAL_NULL_CONVERSION = YES;
				CLANG_WARN_OBJC_IMPLICIT_RETAIN_SELF = YES;
				CLANG_WARN_OBJC_LITERAL_CONVERSION = YES;
				CLANG_WARN_OBJC_ROOT_CLASS = YES_ERROR;
				CLANG_WARN_QUOTED_INCLUDE_IN_FRAMEWORK_HEADER = YES;
				CLANG_WARN_RANGE_LOOP_ANALYSIS = YES;
				CLANG_WARN_STRICT_PROTOTYPES = YES;
				CLANG_WARN_SUSPICIOUS_MOVE = YES;
				CLANG_WARN_UNGUARDED_AVAILABILITY = YES_AGGRESSIVE;
				CLANG_WARN_UNREACHABLE_CODE = YES;
				CLANG_WARN__DUPLICATE_METHOD_MATCH = YES;
				COPY_PHASE_STRIP = NO;
				DEBUG_INFORMATION_FORMAT = "dwarf-with-dsym";
				ENABLE_NS_ASSERTIONS = NO;
				ENABLE_STRICT_OBJC_MSGSEND = YES;
				GCC_C_LANGUAGE_STANDARD = gnu11;
				GCC_NO_COMMON_BLOCKS = YES;
				GCC_WARN_64_TO_32_BIT_CONVERSION = YES;
				GCC_WARN_ABOUT_RETURN_TYPE = YES_ERROR;
				GCC_WARN_UNDECLARED_SELECTOR = YES;
				GCC_WARN_UNINITIALIZED_AUTOS = YES_AGGRESSIVE;
				GCC_WARN_UNUSED_FUNCTION = YES;
				GCC_WARN_UNUSED_VARIABLE = YES;
				IPHONEOS_DEPLOYMENT_TARGET = 16.0;
				MTL_ENABLE_DEBUG_INFO = NO;
				MTL_FAST_MATH = YES;
				SDKROOT = iphoneos;
				SWIFT_COMPILATION_MODE = wholemodule;
				SWIFT_OPTIMIZATION_LEVEL = "-O";
				VALIDATE_PRODUCT = YES;
			};
			name = Release;
		};
		011EADB92904262400DDCEF1 /* Debug */ = {
			isa = XCBuildConfiguration;
			buildSettings = {
				ASSETCATALOG_COMPILER_APPICON_NAME = AppIcon;
				ASSETCATALOG_COMPILER_GLOBAL_ACCENT_COLOR_NAME = AccentColor;
				CODE_SIGN_STYLE = Automatic;
				CURRENT_PROJECT_VERSION = 1;
				GENERATE_INFOPLIST_FILE = YES;
				INFOPLIST_FILE = BirthdayNoteTaker/Info.plist;
				INFOPLIST_KEY_UIApplicationSupportsIndirectInputEvents = YES;
				INFOPLIST_KEY_UILaunchStoryboardName = LaunchScreen;
				INFOPLIST_KEY_UIMainStoryboardFile = Main;
				INFOPLIST_KEY_UISupportedInterfaceOrientations_iPad = "UIInterfaceOrientationPortrait UIInterfaceOrientationPortraitUpsideDown UIInterfaceOrientationLandscapeLeft UIInterfaceOrientationLandscapeRight";
				INFOPLIST_KEY_UISupportedInterfaceOrientations_iPhone = "UIInterfaceOrientationPortrait UIInterfaceOrientationLandscapeLeft UIInterfaceOrientationLandscapeRight";
				LD_RUNPATH_SEARCH_PATHS = (
					"$(inherited)",
					"@executable_path/Frameworks",
				);
				MARKETING_VERSION = 1.0;
				PRODUCT_BUNDLE_IDENTIFIER = com.bertughoroz.BirthdayNoteTaker;
				PRODUCT_NAME = "$(TARGET_NAME)";
				SWIFT_EMIT_LOC_STRINGS = YES;
				SWIFT_VERSION = 5.0;
				TARGETED_DEVICE_FAMILY = "1,2";
			};
			name = Debug;
		};
		011EADBA2904262400DDCEF1 /* Release */ = {
			isa = XCBuildConfiguration;
			buildSettings = {
				ASSETCATALOG_COMPILER_APPICON_NAME = AppIcon;
				ASSETCATALOG_COMPILER_GLOBAL_ACCENT_COLOR_NAME = AccentColor;
				CODE_SIGN_STYLE = Automatic;
				CURRENT_PROJECT_VERSION = 1;
				GENERATE_INFOPLIST_FILE = YES;
				INFOPLIST_FILE = BirthdayNoteTaker/Info.plist;
				INFOPLIST_KEY_UIApplicationSupportsIndirectInputEvents = YES;
				INFOPLIST_KEY_UILaunchStoryboardName = LaunchScreen;
				INFOPLIST_KEY_UIMainStoryboardFile = Main;
				INFOPLIST_KEY_UISupportedInterfaceOrientations_iPad = "UIInterfaceOrientationPortrait UIInterfaceOrientationPortraitUpsideDown UIInterfaceOrientationLandscapeLeft UIInterfaceOrientationLandscapeRight";
				INFOPLIST_KEY_UISupportedInterfaceOrientations_iPhone = "UIInterfaceOrientationPortrait UIInterfaceOrientationLandscapeLeft UIInterfaceOrientationLandscapeRight";
				LD_RUNPATH_SEARCH_PATHS = (
					"$(inherited)",
					"@executable_path/Frameworks",
				);
				MARKETING_VERSION = 1.0;
				PRODUCT_BUNDLE_IDENTIFIER = com.bertughoroz.BirthdayNoteTaker;
				PRODUCT_NAME = "$(TARGET_NAME)";
				SWIFT_EMIT_LOC_STRINGS = YES;
				SWIFT_VERSION = 5.0;
				TARGETED_DEVICE_FAMILY = "1,2";
			};
			name = Release;
		};
		011EADBC2904262400DDCEF1 /* Debug */ = {
			isa = XCBuildConfiguration;
			buildSettings = {
				ALWAYS_EMBED_SWIFT_STANDARD_LIBRARIES = YES;
				BUNDLE_LOADER = "$(TEST_HOST)";
				CODE_SIGN_STYLE = Automatic;
				CURRENT_PROJECT_VERSION = 1;
				GENERATE_INFOPLIST_FILE = YES;
				IPHONEOS_DEPLOYMENT_TARGET = 16.0;
				MARKETING_VERSION = 1.0;
				PRODUCT_BUNDLE_IDENTIFIER = com.bertughoroz.BirthdayNoteTakerTests;
				PRODUCT_NAME = "$(TARGET_NAME)";
				SWIFT_EMIT_LOC_STRINGS = NO;
				SWIFT_VERSION = 5.0;
				TARGETED_DEVICE_FAMILY = "1,2";
				TEST_HOST = "$(BUILT_PRODUCTS_DIR)/BirthdayNoteTaker.app/$(BUNDLE_EXECUTABLE_FOLDER_PATH)/BirthdayNoteTaker";
			};
			name = Debug;
		};
		011EADBD2904262400DDCEF1 /* Release */ = {
			isa = XCBuildConfiguration;
			buildSettings = {
				ALWAYS_EMBED_SWIFT_STANDARD_LIBRARIES = YES;
				BUNDLE_LOADER = "$(TEST_HOST)";
				CODE_SIGN_STYLE = Automatic;
				CURRENT_PROJECT_VERSION = 1;
				GENERATE_INFOPLIST_FILE = YES;
				IPHONEOS_DEPLOYMENT_TARGET = 16.0;
				MARKETING_VERSION = 1.0;
				PRODUCT_BUNDLE_IDENTIFIER = com.bertughoroz.BirthdayNoteTakerTests;
				PRODUCT_NAME = "$(TARGET_NAME)";
				SWIFT_EMIT_LOC_STRINGS = NO;
				SWIFT_VERSION = 5.0;
				TARGETED_DEVICE_FAMILY = "1,2";
				TEST_HOST = "$(BUILT_PRODUCTS_DIR)/BirthdayNoteTaker.app/$(BUNDLE_EXECUTABLE_FOLDER_PATH)/BirthdayNoteTaker";
			};
			name = Release;
		};
		011EADBF2904262400DDCEF1 /* Debug */ = {
			isa = XCBuildConfiguration;
			buildSettings = {
				ALWAYS_EMBED_SWIFT_STANDARD_LIBRARIES = YES;
				CODE_SIGN_STYLE = Automatic;
				CURRENT_PROJECT_VERSION = 1;
				GENERATE_INFOPLIST_FILE = YES;
				MARKETING_VERSION = 1.0;
				PRODUCT_BUNDLE_IDENTIFIER = com.bertughoroz.BirthdayNoteTakerUITests;
				PRODUCT_NAME = "$(TARGET_NAME)";
				SWIFT_EMIT_LOC_STRINGS = NO;
				SWIFT_VERSION = 5.0;
				TARGETED_DEVICE_FAMILY = "1,2";
				TEST_TARGET_NAME = BirthdayNoteTaker;
			};
			name = Debug;
		};
		011EADC02904262400DDCEF1 /* Release */ = {
			isa = XCBuildConfiguration;
			buildSettings = {
				ALWAYS_EMBED_SWIFT_STANDARD_LIBRARIES = YES;
				CODE_SIGN_STYLE = Automatic;
				CURRENT_PROJECT_VERSION = 1;
				GENERATE_INFOPLIST_FILE = YES;
				MARKETING_VERSION = 1.0;
				PRODUCT_BUNDLE_IDENTIFIER = com.bertughoroz.BirthdayNoteTakerUITests;
				PRODUCT_NAME = "$(TARGET_NAME)";
				SWIFT_EMIT_LOC_STRINGS = NO;
				SWIFT_VERSION = 5.0;
				TARGETED_DEVICE_FAMILY = "1,2";
				TEST_TARGET_NAME = BirthdayNoteTaker;
			};
			name = Release;
		};
/* End XCBuildConfiguration section */

/* Begin XCConfigurationList section */
		011EAD892904262300DDCEF1 /* Build configuration list for PBXProject "BirthdayNoteTaker" */ = {
			isa = XCConfigurationList;
			buildConfigurations = (
				011EADB62904262400DDCEF1 /* Debug */,
				011EADB72904262400DDCEF1 /* Release */,
			);
			defaultConfigurationIsVisible = 0;
			defaultConfigurationName = Release;
		};
		011EADB82904262400DDCEF1 /* Build configuration list for PBXNativeTarget "BirthdayNoteTaker" */ = {
			isa = XCConfigurationList;
			buildConfigurations = (
				011EADB92904262400DDCEF1 /* Debug */,
				011EADBA2904262400DDCEF1 /* Release */,
			);
			defaultConfigurationIsVisible = 0;
			defaultConfigurationName = Release;
		};
		011EADBB2904262400DDCEF1 /* Build configuration list for PBXNativeTarget "BirthdayNoteTakerTests" */ = {
			isa = XCConfigurationList;
			buildConfigurations = (
				011EADBC2904262400DDCEF1 /* Debug */,
				011EADBD2904262400DDCEF1 /* Release */,
			);
			defaultConfigurationIsVisible = 0;
			defaultConfigurationName = Release;
		};
		011EADBE2904262400DDCEF1 /* Build configuration list for PBXNativeTarget "BirthdayNoteTakerUITests" */ = {
			isa = XCConfigurationList;
			buildConfigurations = (
				011EADBF2904262400DDCEF1 /* Debug */,
				011EADC02904262400DDCEF1 /* Release */,
			);
			defaultConfigurationIsVisible = 0;
			defaultConfigurationName = Release;
		};
/* End XCConfigurationList section */
	};
	rootObject = 011EAD862904262300DDCEF1 /* Project object */;
}
