// !$*UTF8*$!
{
	archiveVersion = 1;
	classes = {
	};
	objectVersion = 56;
	objects = {

/* Begin PBXBuildFile section */
		011EAD18290411C900DDCEF1 /* AppDelegate.swift in Sources */ = {isa = PBXBuildFile; fileRef = 011EAD17290411C900DDCEF1 /* AppDelegate.swift */; };
		011EAD1A290411C900DDCEF1 /* SceneDelegate.swift in Sources */ = {isa = PBXBuildFile; fileRef = 011EAD19290411C900DDCEF1 /* SceneDelegate.swift */; };
		011EAD1C290411C900DDCEF1 /* ViewController.swift in Sources */ = {isa = PBXBuildFile; fileRef = 011EAD1B290411C900DDCEF1 /* ViewController.swift */; };
		011EAD1F290411C900DDCEF1 /* Main.storyboard in Resources */ = {isa = PBXBuildFile; fileRef = 011EAD1D290411C900DDCEF1 /* Main.storyboard */; };
		011EAD21290411C900DDCEF1 /* Assets.xcassets in Resources */ = {isa = PBXBuildFile; fileRef = 011EAD20290411C900DDCEF1 /* Assets.xcassets */; };
		011EAD24290411C900DDCEF1 /* LaunchScreen.storyboard in Resources */ = {isa = PBXBuildFile; fileRef = 011EAD22290411C900DDCEF1 /* LaunchScreen.storyboard */; };
		011EAD2F290411CA00DDCEF1 /* ProjectLayoutTests.swift in Sources */ = {isa = PBXBuildFile; fileRef = 011EAD2E290411CA00DDCEF1 /* ProjectLayoutTests.swift */; };
		011EAD39290411CA00DDCEF1 /* ProjectLayoutUITests.swift in Sources */ = {isa = PBXBuildFile; fileRef = 011EAD38290411CA00DDCEF1 /* ProjectLayoutUITests.swift */; };
		011EAD3B290411CA00DDCEF1 /* ProjectLayoutUITestsLaunchTests.swift in Sources */ = {isa = PBXBuildFile; fileRef = 011EAD3A290411CA00DDCEF1 /* ProjectLayoutUITestsLaunchTests.swift */; };
/* End PBXBuildFile section */

/* Begin PBXContainerItemProxy section */
		011EAD2B290411CA00DDCEF1 /* PBXContainerItemProxy */ = {
			isa = PBXContainerItemProxy;
			containerPortal = 011EAD0C290411C900DDCEF1 /* Project object */;
			proxyType = 1;
			remoteGlobalIDString = 011EAD13290411C900DDCEF1;
			remoteInfo = ProjectLayout;
		};
		011EAD35290411CA00DDCEF1 /* PBXContainerItemProxy */ = {
			isa = PBXContainerItemProxy;
			containerPortal = 011EAD0C290411C900DDCEF1 /* Project object */;
			proxyType = 1;
			remoteGlobalIDString = 011EAD13290411C900DDCEF1;
			remoteInfo = ProjectLayout;
		};
/* End PBXContainerItemProxy section */

/* Begin PBXFileReference section */
		011EAD14290411C900DDCEF1 /* ProjectLayout.app */ = {isa = PBXFileReference; explicitFileType = wrapper.application; includeInIndex = 0; path = ProjectLayout.app; sourceTree = BUILT_PRODUCTS_DIR; };
		011EAD17290411C900DDCEF1 /* AppDelegate.swift */ = {isa = PBXFileReference; lastKnownFileType = sourcecode.swift; path = AppDelegate.swift; sourceTree = "<group>"; };
		011EAD19290411C900DDCEF1 /* SceneDelegate.swift */ = {isa = PBXFileReference; lastKnownFileType = sourcecode.swift; path = SceneDelegate.swift; sourceTree = "<group>"; };
		011EAD1B290411C900DDCEF1 /* ViewController.swift */ = {isa = PBXFileReference; lastKnownFileType = sourcecode.swift; path = ViewController.swift; sourceTree = "<group>"; };
		011EAD1E290411C900DDCEF1 /* Base */ = {isa = PBXFileReference; lastKnownFileType = file.storyboard; name = Base; path = Base.lproj/Main.storyboard; sourceTree = "<group>"; };
		011EAD20290411C900DDCEF1 /* Assets.xcassets */ = {isa = PBXFileReference; lastKnownFileType = folder.assetcatalog; path = Assets.xcassets; sourceTree = "<group>"; };
		011EAD23290411C900DDCEF1 /* Base */ = {isa = PBXFileReference; lastKnownFileType = file.storyboard; name = Base; path = Base.lproj/LaunchScreen.storyboard; sourceTree = "<group>"; };
		011EAD25290411C900DDCEF1 /* Info.plist */ = {isa = PBXFileReference; lastKnownFileType = text.plist.xml; path = Info.plist; sourceTree = "<group>"; };
		011EAD2A290411CA00DDCEF1 /* ProjectLayoutTests.xctest */ = {isa = PBXFileReference; explicitFileType = wrapper.cfbundle; includeInIndex = 0; path = ProjectLayoutTests.xctest; sourceTree = BUILT_PRODUCTS_DIR; };
		011EAD2E290411CA00DDCEF1 /* ProjectLayoutTests.swift */ = {isa = PBXFileReference; lastKnownFileType = sourcecode.swift; path = ProjectLayoutTests.swift; sourceTree = "<group>"; };
		011EAD34290411CA00DDCEF1 /* ProjectLayoutUITests.xctest */ = {isa = PBXFileReference; explicitFileType = wrapper.cfbundle; includeInIndex = 0; path = ProjectLayoutUITests.xctest; sourceTree = BUILT_PRODUCTS_DIR; };
		011EAD38290411CA00DDCEF1 /* ProjectLayoutUITests.swift */ = {isa = PBXFileReference; lastKnownFileType = sourcecode.swift; path = ProjectLayoutUITests.swift; sourceTree = "<group>"; };
		011EAD3A290411CA00DDCEF1 /* ProjectLayoutUITestsLaunchTests.swift */ = {isa = PBXFileReference; lastKnownFileType = sourcecode.swift; path = ProjectLayoutUITestsLaunchTests.swift; sourceTree = "<group>"; };
/* End PBXFileReference section */

/* Begin PBXFrameworksBuildPhase section */
		011EAD11290411C900DDCEF1 /* Frameworks */ = {
			isa = PBXFrameworksBuildPhase;
			buildActionMask = 2147483647;
			files = (
			);
			runOnlyForDeploymentPostprocessing = 0;
		};
		011EAD27290411CA00DDCEF1 /* Frameworks */ = {
			isa = PBXFrameworksBuildPhase;
			buildActionMask = 2147483647;
			files = (
			);
			runOnlyForDeploymentPostprocessing = 0;
		};
		011EAD31290411CA00DDCEF1 /* Frameworks */ = {
			isa = PBXFrameworksBuildPhase;
			buildActionMask = 2147483647;
			files = (
			);
			runOnlyForDeploymentPostprocessing = 0;
		};
/* End PBXFrameworksBuildPhase section */

/* Begin PBXGroup section */
		011EAD0B290411C900DDCEF1 = {
			isa = PBXGroup;
			children = (
				011EAD16290411C900DDCEF1 /* ProjectLayout */,
				011EAD2D290411CA00DDCEF1 /* ProjectLayoutTests */,
				011EAD37290411CA00DDCEF1 /* ProjectLayoutUITests */,
				011EAD15290411C900DDCEF1 /* Products */,
			);
			sourceTree = "<group>";
		};
		011EAD15290411C900DDCEF1 /* Products */ = {
			isa = PBXGroup;
			children = (
				011EAD14290411C900DDCEF1 /* ProjectLayout.app */,
				011EAD2A290411CA00DDCEF1 /* ProjectLayoutTests.xctest */,
				011EAD34290411CA00DDCEF1 /* ProjectLayoutUITests.xctest */,
			);
			name = Products;
			sourceTree = "<group>";
		};
		011EAD16290411C900DDCEF1 /* ProjectLayout */ = {
			isa = PBXGroup;
			children = (
				011EAD17290411C900DDCEF1 /* AppDelegate.swift */,
				011EAD19290411C900DDCEF1 /* SceneDelegate.swift */,
				011EAD1B290411C900DDCEF1 /* ViewController.swift */,
				011EAD1D290411C900DDCEF1 /* Main.storyboard */,
				011EAD20290411C900DDCEF1 /* Assets.xcassets */,
				011EAD22290411C900DDCEF1 /* LaunchScreen.storyboard */,
				011EAD25290411C900DDCEF1 /* Info.plist */,
			);
			path = ProjectLayout;
			sourceTree = "<group>";
		};
		011EAD2D290411CA00DDCEF1 /* ProjectLayoutTests */ = {
			isa = PBXGroup;
			children = (
				011EAD2E290411CA00DDCEF1 /* ProjectLayoutTests.swift */,
			);
			path = ProjectLayoutTests;
			sourceTree = "<group>";
		};
		011EAD37290411CA00DDCEF1 /* ProjectLayoutUITests */ = {
			isa = PBXGroup;
			children = (
				011EAD38290411CA00DDCEF1 /* ProjectLayoutUITests.swift */,
				011EAD3A290411CA00DDCEF1 /* ProjectLayoutUITestsLaunchTests.swift */,
			);
			path = ProjectLayoutUITests;
			sourceTree = "<group>";
		};
/* End PBXGroup section */

/* Begin PBXNativeTarget section */
		011EAD13290411C900DDCEF1 /* ProjectLayout */ = {
			isa = PBXNativeTarget;
			buildConfigurationList = 011EAD3E290411CA00DDCEF1 /* Build configuration list for PBXNativeTarget "ProjectLayout" */;
			buildPhases = (
				011EAD10290411C900DDCEF1 /* Sources */,
				011EAD11290411C900DDCEF1 /* Frameworks */,
				011EAD12290411C900DDCEF1 /* Resources */,
			);
			buildRules = (
			);
			dependencies = (
			);
			name = ProjectLayout;
			productName = ProjectLayout;
			productReference = 011EAD14290411C900DDCEF1 /* ProjectLayout.app */;
			productType = "com.apple.product-type.application";
		};
		011EAD29290411CA00DDCEF1 /* ProjectLayoutTests */ = {
			isa = PBXNativeTarget;
			buildConfigurationList = 011EAD41290411CA00DDCEF1 /* Build configuration list for PBXNativeTarget "ProjectLayoutTests" */;
			buildPhases = (
				011EAD26290411CA00DDCEF1 /* Sources */,
				011EAD27290411CA00DDCEF1 /* Frameworks */,
				011EAD28290411CA00DDCEF1 /* Resources */,
			);
			buildRules = (
			);
			dependencies = (
				011EAD2C290411CA00DDCEF1 /* PBXTargetDependency */,
			);
			name = ProjectLayoutTests;
			productName = ProjectLayoutTests;
			productReference = 011EAD2A290411CA00DDCEF1 /* ProjectLayoutTests.xctest */;
			productType = "com.apple.product-type.bundle.unit-test";
		};
		011EAD33290411CA00DDCEF1 /* ProjectLayoutUITests */ = {
			isa = PBXNativeTarget;
			buildConfigurationList = 011EAD44290411CA00DDCEF1 /* Build configuration list for PBXNativeTarget "ProjectLayoutUITests" */;
			buildPhases = (
				011EAD30290411CA00DDCEF1 /* Sources */,
				011EAD31290411CA00DDCEF1 /* Frameworks */,
				011EAD32290411CA00DDCEF1 /* Resources */,
			);
			buildRules = (
			);
			dependencies = (
				011EAD36290411CA00DDCEF1 /* PBXTargetDependency */,
			);
			name = ProjectLayoutUITests;
			productName = ProjectLayoutUITests;
			productReference = 011EAD34290411CA00DDCEF1 /* ProjectLayoutUITests.xctest */;
			productType = "com.apple.product-type.bundle.ui-testing";
		};
/* End PBXNativeTarget section */

/* Begin PBXProject section */
		011EAD0C290411C900DDCEF1 /* Project object */ = {
			isa = PBXProject;
			attributes = {
				BuildIndependentTargetsInParallel = 1;
				LastSwiftUpdateCheck = 1400;
				LastUpgradeCheck = 1400;
				TargetAttributes = {
					011EAD13290411C900DDCEF1 = {
						CreatedOnToolsVersion = 14.0.1;
					};
					011EAD29290411CA00DDCEF1 = {
						CreatedOnToolsVersion = 14.0.1;
						TestTargetID = 011EAD13290411C900DDCEF1;
					};
					011EAD33290411CA00DDCEF1 = {
						CreatedOnToolsVersion = 14.0.1;
						TestTargetID = 011EAD13290411C900DDCEF1;
					};
				};
			};
			buildConfigurationList = 011EAD0F290411C900DDCEF1 /* Build configuration list for PBXProject "ProjectLayout" */;
			compatibilityVersion = "Xcode 14.0";
			developmentRegion = en;
			hasScannedForEncodings = 0;
			knownRegions = (
				en,
				Base,
			);
			mainGroup = 011EAD0B290411C900DDCEF1;
			productRefGroup = 011EAD15290411C900DDCEF1 /* Products */;
			projectDirPath = "";
			projectRoot = "";
			targets = (
				011EAD13290411C900DDCEF1 /* ProjectLayout */,
				011EAD29290411CA00DDCEF1 /* ProjectLayoutTests */,
				011EAD33290411CA00DDCEF1 /* ProjectLayoutUITests */,
			);
		};
/* End PBXProject section */

/* Begin PBXResourcesBuildPhase section */
		011EAD12290411C900DDCEF1 /* Resources */ = {
			isa = PBXResourcesBuildPhase;
			buildActionMask = 2147483647;
			files = (
				011EAD24290411C900DDCEF1 /* LaunchScreen.storyboard in Resources */,
				011EAD21290411C900DDCEF1 /* Assets.xcassets in Resources */,
				011EAD1F290411C900DDCEF1 /* Main.storyboard in Resources */,
			);
			runOnlyForDeploymentPostprocessing = 0;
		};
		011EAD28290411CA00DDCEF1 /* Resources */ = {
			isa = PBXResourcesBuildPhase;
			buildActionMask = 2147483647;
			files = (
			);
			runOnlyForDeploymentPostprocessing = 0;
		};
		011EAD32290411CA00DDCEF1 /* Resources */ = {
			isa = PBXResourcesBuildPhase;
			buildActionMask = 2147483647;
			files = (
			);
			runOnlyForDeploymentPostprocessing = 0;
		};
/* End PBXResourcesBuildPhase section */

/* Begin PBXSourcesBuildPhase section */
		011EAD10290411C900DDCEF1 /* Sources */ = {
			isa = PBXSourcesBuildPhase;
			buildActionMask = 2147483647;
			files = (
				011EAD1C290411C900DDCEF1 /* ViewController.swift in Sources */,
				011EAD18290411C900DDCEF1 /* AppDelegate.swift in Sources */,
				011EAD1A290411C900DDCEF1 /* SceneDelegate.swift in Sources */,
			);
			runOnlyForDeploymentPostprocessing = 0;
		};
		011EAD26290411CA00DDCEF1 /* Sources */ = {
			isa = PBXSourcesBuildPhase;
			buildActionMask = 2147483647;
			files = (
				011EAD2F290411CA00DDCEF1 /* ProjectLayoutTests.swift in Sources */,
			);
			runOnlyForDeploymentPostprocessing = 0;
		};
		011EAD30290411CA00DDCEF1 /* Sources */ = {
			isa = PBXSourcesBuildPhase;
			buildActionMask = 2147483647;
			files = (
				011EAD3B290411CA00DDCEF1 /* ProjectLayoutUITestsLaunchTests.swift in Sources */,
				011EAD39290411CA00DDCEF1 /* ProjectLayoutUITests.swift in Sources */,
			);
			runOnlyForDeploymentPostprocessing = 0;
		};
/* End PBXSourcesBuildPhase section */

/* Begin PBXTargetDependency section */
		011EAD2C290411CA00DDCEF1 /* PBXTargetDependency */ = {
			isa = PBXTargetDependency;
			target = 011EAD13290411C900DDCEF1 /* ProjectLayout */;
			targetProxy = 011EAD2B290411CA00DDCEF1 /* PBXContainerItemProxy */;
		};
		011EAD36290411CA00DDCEF1 /* PBXTargetDependency */ = {
			isa = PBXTargetDependency;
			target = 011EAD13290411C900DDCEF1 /* ProjectLayout */;
			targetProxy = 011EAD35290411CA00DDCEF1 /* PBXContainerItemProxy */;
		};
/* End PBXTargetDependency section */

/* Begin PBXVariantGroup section */
		011EAD1D290411C900DDCEF1 /* Main.storyboard */ = {
			isa = PBXVariantGroup;
			children = (
				011EAD1E290411C900DDCEF1 /* Base */,
			);
			name = Main.storyboard;
			sourceTree = "<group>";
		};
		011EAD22290411C900DDCEF1 /* LaunchScreen.storyboard */ = {
			isa = PBXVariantGroup;
			children = (
				011EAD23290411C900DDCEF1 /* Base */,
			);
			name = LaunchScreen.storyboard;
			sourceTree = "<group>";
		};
/* End PBXVariantGroup section */

/* Begin XCBuildConfiguration section */
		011EAD3C290411CA00DDCEF1 /* Debug */ = {
			isa = XCBuildConfiguration;
			buildSettings = {
				ALWAYS_SEARCH_USER_PATHS = NO;
				CLANG_ANALYZER_NONNULL = YES;
				CLANG_ANALYZER_NUMBER_OBJECT_CONVERSION = YES_AGGRESSIVE;
				CLANG_CXX_LANGUAGE_STANDARD = "gnu++20";
				CLANG_ENABLE_MODULES = YES;
				CLANG_ENABLE_OBJC_ARC = YES;
				CLANG_ENABLE_OBJC_WEAK = YES;
				CLANG_WARN_BLOCK_CAPTURE_AUTORELEASING = YES;
				CLANG_WARN_BOOL_CONVERSION = YES;
				CLANG_WARN_COMMA = YES;
				CLANG_WARN_CONSTANT_CONVERSION = YES;
				CLANG_WARN_DEPRECATED_OBJC_IMPLEMENTATIONS = YES;
				CLANG_WARN_DIRECT_OBJC_ISA_USAGE = YES_ERROR;
				CLANG_WARN_DOCUMENTATION_COMMENTS = YES;
				CLANG_WARN_EMPTY_BODY = YES;
				CLANG_WARN_ENUM_CONVERSION = YES;
				CLANG_WARN_INFINITE_RECURSION = YES;
				CLANG_WARN_INT_CONVERSION = YES;
				CLANG_WARN_NON_LITERAL_NULL_CONVERSION = YES;
				CLANG_WARN_OBJC_IMPLICIT_RETAIN_SELF = YES;
				CLANG_WARN_OBJC_LITERAL_CONVERSION = YES;
				CLANG_WARN_OBJC_ROOT_CLASS = YES_ERROR;
				CLANG_WARN_QUOTED_INCLUDE_IN_FRAMEWORK_HEADER = YES;
				CLANG_WARN_RANGE_LOOP_ANALYSIS = YES;
				CLANG_WARN_STRICT_PROTOTYPES = YES;
				CLANG_WARN_SUSPICIOUS_MOVE = YES;
				CLANG_WARN_UNGUARDED_AVAILABILITY = YES_AGGRESSIVE;
				CLANG_WARN_UNREACHABLE_CODE = YES;
				CLANG_WARN__DUPLICATE_METHOD_MATCH = YES;
				COPY_PHASE_STRIP = NO;
				DEBUG_INFORMATION_FORMAT = dwarf;
				ENABLE_STRICT_OBJC_MSGSEND = YES;
				ENABLE_TESTABILITY = YES;
				GCC_C_LANGUAGE_STANDARD = gnu11;
				GCC_DYNAMIC_NO_PIC = NO;
				GCC_NO_COMMON_BLOCKS = YES;
				GCC_OPTIMIZATION_LEVEL = 0;
				GCC_PREPROCESSOR_DEFINITIONS = (
					"DEBUG=1",
					"$(inherited)",
				);
				GCC_WARN_64_TO_32_BIT_CONVERSION = YES;
				GCC_WARN_ABOUT_RETURN_TYPE = YES_ERROR;
				GCC_WARN_UNDECLARED_SELECTOR = YES;
				GCC_WARN_UNINITIALIZED_AUTOS = YES_AGGRESSIVE;
				GCC_WARN_UNUSED_FUNCTION = YES;
				GCC_WARN_UNUSED_VARIABLE = YES;
				IPHONEOS_DEPLOYMENT_TARGET = 16.0;
				MTL_ENABLE_DEBUG_INFO = INCLUDE_SOURCE;
				MTL_FAST_MATH = YES;
				ONLY_ACTIVE_ARCH = YES;
				SDKROOT = iphoneos;
				SWIFT_ACTIVE_COMPILATION_CONDITIONS = DEBUG;
				SWIFT_OPTIMIZATION_LEVEL = "-Onone";
			};
			name = Debug;
		};
		011EAD3D290411CA00DDCEF1 /* Release */ = {
			isa = XCBuildConfiguration;
			buildSettings = {
				ALWAYS_SEARCH_USER_PATHS = NO;
				CLANG_ANALYZER_NONNULL = YES;
				CLANG_ANALYZER_NUMBER_OBJECT_CONVERSION = YES_AGGRESSIVE;
				CLANG_CXX_LANGUAGE_STANDARD = "gnu++20";
				CLANG_ENABLE_MODULES = YES;
				CLANG_ENABLE_OBJC_ARC = YES;
				CLANG_ENABLE_OBJC_WEAK = YES;
				CLANG_WARN_BLOCK_CAPTURE_AUTORELEASING = YES;
				CLANG_WARN_BOOL_CONVERSION = YES;
				CLANG_WARN_COMMA = YES;
				CLANG_WARN_CONSTANT_CONVERSION = YES;
				CLANG_WARN_DEPRECATED_OBJC_IMPLEMENTATIONS = YES;
				CLANG_WARN_DIRECT_OBJC_ISA_USAGE = YES_ERROR;
				CLANG_WARN_DOCUMENTATION_COMMENTS = YES;
				CLANG_WARN_EMPTY_BODY = YES;
				CLANG_WARN_ENUM_CONVERSION = YES;
				CLANG_WARN_INFINITE_RECURSION = YES;
				CLANG_WARN_INT_CONVERSION = YES;
				CLANG_WARN_NON_LITERAL_NULL_CONVERSION = YES;
				CLANG_WARN_OBJC_IMPLICIT_RETAIN_SELF = YES;
				CLANG_WARN_OBJC_LITERAL_CONVERSION = YES;
				CLANG_WARN_OBJC_ROOT_CLASS = YES_ERROR;
				CLANG_WARN_QUOTED_INCLUDE_IN_FRAMEWORK_HEADER = YES;
				CLANG_WARN_RANGE_LOOP_ANALYSIS = YES;
				CLANG_WARN_STRICT_PROTOTYPES = YES;
				CLANG_WARN_SUSPICIOUS_MOVE = YES;
				CLANG_WARN_UNGUARDED_AVAILABILITY = YES_AGGRESSIVE;
				CLANG_WARN_UNREACHABLE_CODE = YES;
				CLANG_WARN__DUPLICATE_METHOD_MATCH = YES;
				COPY_PHASE_STRIP = NO;
				DEBUG_INFORMATION_FORMAT = "dwarf-with-dsym";
				ENABLE_NS_ASSERTIONS = NO;
				ENABLE_STRICT_OBJC_MSGSEND = YES;
				GCC_C_LANGUAGE_STANDARD = gnu11;
				GCC_NO_COMMON_BLOCKS = YES;
				GCC_WARN_64_TO_32_BIT_CONVERSION = YES;
				GCC_WARN_ABOUT_RETURN_TYPE = YES_ERROR;
				GCC_WARN_UNDECLARED_SELECTOR = YES;
				GCC_WARN_UNINITIALIZED_AUTOS = YES_AGGRESSIVE;
				GCC_WARN_UNUSED_FUNCTION = YES;
				GCC_WARN_UNUSED_VARIABLE = YES;
				IPHONEOS_DEPLOYMENT_TARGET = 16.0;
				MTL_ENABLE_DEBUG_INFO = NO;
				MTL_FAST_MATH = YES;
				SDKROOT = iphoneos;
				SWIFT_COMPILATION_MODE = wholemodule;
				SWIFT_OPTIMIZATION_LEVEL = "-O";
				VALIDATE_PRODUCT = YES;
			};
			name = Release;
		};
		011EAD3F290411CA00DDCEF1 /* Debug */ = {
			isa = XCBuildConfiguration;
			buildSettings = {
				ASSETCATALOG_COMPILER_APPICON_NAME = AppIcon;
				ASSETCATALOG_COMPILER_GLOBAL_ACCENT_COLOR_NAME = AccentColor;
				CODE_SIGN_STYLE = Automatic;
				CURRENT_PROJECT_VERSION = 1;
				GENERATE_INFOPLIST_FILE = YES;
				INFOPLIST_FILE = ProjectLayout/Info.plist;
				INFOPLIST_KEY_UIApplicationSupportsIndirectInputEvents = YES;
				INFOPLIST_KEY_UILaunchStoryboardName = LaunchScreen;
				INFOPLIST_KEY_UIMainStoryboardFile = Main;
				INFOPLIST_KEY_UISupportedInterfaceOrientations = UIInterfaceOrientationPortrait;
				INFOPLIST_KEY_UISupportedInterfaceOrientations_iPad = "UIInterfaceOrientationLandscapeLeft UIInterfaceOrientationLandscapeRight UIInterfaceOrientationPortrait UIInterfaceOrientationPortraitUpsideDown";
				LD_RUNPATH_SEARCH_PATHS = (
					"$(inherited)",
					"@executable_path/Frameworks",
				);
				MARKETING_VERSION = 1.0;
				PRODUCT_BUNDLE_IDENTIFIER = com.bertughoroz.ProjectLayout;
				PRODUCT_NAME = "$(TARGET_NAME)";
				SWIFT_EMIT_LOC_STRINGS = YES;
				SWIFT_VERSION = 5.0;
				TARGETED_DEVICE_FAMILY = "1,2";
			};
			name = Debug;
		};
		011EAD40290411CA00DDCEF1 /* Release */ = {
			isa = XCBuildConfiguration;
			buildSettings = {
				ASSETCATALOG_COMPILER_APPICON_NAME = AppIcon;
				ASSETCATALOG_COMPILER_GLOBAL_ACCENT_COLOR_NAME = AccentColor;
				CODE_SIGN_STYLE = Automatic;
				CURRENT_PROJECT_VERSION = 1;
				GENERATE_INFOPLIST_FILE = YES;
				INFOPLIST_FILE = ProjectLayout/Info.plist;
				INFOPLIST_KEY_UIApplicationSupportsIndirectInputEvents = YES;
				INFOPLIST_KEY_UILaunchStoryboardName = LaunchScreen;
				INFOPLIST_KEY_UIMainStoryboardFile = Main;
				INFOPLIST_KEY_UISupportedInterfaceOrientations = UIInterfaceOrientationPortrait;
				INFOPLIST_KEY_UISupportedInterfaceOrientations_iPad = "UIInterfaceOrientationLandscapeLeft UIInterfaceOrientationLandscapeRight UIInterfaceOrientationPortrait UIInterfaceOrientationPortraitUpsideDown";
				LD_RUNPATH_SEARCH_PATHS = (
					"$(inherited)",
					"@executable_path/Frameworks",
				);
				MARKETING_VERSION = 1.0;
				PRODUCT_BUNDLE_IDENTIFIER = com.bertughoroz.ProjectLayout;
				PRODUCT_NAME = "$(TARGET_NAME)";
				SWIFT_EMIT_LOC_STRINGS = YES;
				SWIFT_VERSION = 5.0;
				TARGETED_DEVICE_FAMILY = "1,2";
			};
			name = Release;
		};
		011EAD42290411CA00DDCEF1 /* Debug */ = {
			isa = XCBuildConfiguration;
			buildSettings = {
				ALWAYS_EMBED_SWIFT_STANDARD_LIBRARIES = YES;
				BUNDLE_LOADER = "$(TEST_HOST)";
				CODE_SIGN_STYLE = Automatic;
				CURRENT_PROJECT_VERSION = 1;
				GENERATE_INFOPLIST_FILE = YES;
				IPHONEOS_DEPLOYMENT_TARGET = 16.0;
				MARKETING_VERSION = 1.0;
				PRODUCT_BUNDLE_IDENTIFIER = com.bertughoroz.ProjectLayoutTests;
				PRODUCT_NAME = "$(TARGET_NAME)";
				SWIFT_EMIT_LOC_STRINGS = NO;
				SWIFT_VERSION = 5.0;
				TARGETED_DEVICE_FAMILY = "1,2";
				TEST_HOST = "$(BUILT_PRODUCTS_DIR)/ProjectLayout.app/$(BUNDLE_EXECUTABLE_FOLDER_PATH)/ProjectLayout";
			};
			name = Debug;
		};
		011EAD43290411CA00DDCEF1 /* Release */ = {
			isa = XCBuildConfiguration;
			buildSettings = {
				ALWAYS_EMBED_SWIFT_STANDARD_LIBRARIES = YES;
				BUNDLE_LOADER = "$(TEST_HOST)";
				CODE_SIGN_STYLE = Automatic;
				CURRENT_PROJECT_VERSION = 1;
				GENERATE_INFOPLIST_FILE = YES;
				IPHONEOS_DEPLOYMENT_TARGET = 16.0;
				MARKETING_VERSION = 1.0;
				PRODUCT_BUNDLE_IDENTIFIER = com.bertughoroz.ProjectLayoutTests;
				PRODUCT_NAME = "$(TARGET_NAME)";
				SWIFT_EMIT_LOC_STRINGS = NO;
				SWIFT_VERSION = 5.0;
				TARGETED_DEVICE_FAMILY = "1,2";
				TEST_HOST = "$(BUILT_PRODUCTS_DIR)/ProjectLayout.app/$(BUNDLE_EXECUTABLE_FOLDER_PATH)/ProjectLayout";
			};
			name = Release;
		};
		011EAD45290411CA00DDCEF1 /* Debug */ = {
			isa = XCBuildConfiguration;
			buildSettings = {
				ALWAYS_EMBED_SWIFT_STANDARD_LIBRARIES = YES;
				CODE_SIGN_STYLE = Automatic;
				CURRENT_PROJECT_VERSION = 1;
				GENERATE_INFOPLIST_FILE = YES;
				MARKETING_VERSION = 1.0;
				PRODUCT_BUNDLE_IDENTIFIER = com.bertughoroz.ProjectLayoutUITests;
				PRODUCT_NAME = "$(TARGET_NAME)";
				SWIFT_EMIT_LOC_STRINGS = NO;
				SWIFT_VERSION = 5.0;
				TARGETED_DEVICE_FAMILY = "1,2";
				TEST_TARGET_NAME = ProjectLayout;
			};
			name = Debug;
		};
		011EAD46290411CA00DDCEF1 /* Release */ = {
			isa = XCBuildConfiguration;
			buildSettings = {
				ALWAYS_EMBED_SWIFT_STANDARD_LIBRARIES = YES;
				CODE_SIGN_STYLE = Automatic;
				CURRENT_PROJECT_VERSION = 1;
				GENERATE_INFOPLIST_FILE = YES;
				MARKETING_VERSION = 1.0;
				PRODUCT_BUNDLE_IDENTIFIER = com.bertughoroz.ProjectLayoutUITests;
				PRODUCT_NAME = "$(TARGET_NAME)";
				SWIFT_EMIT_LOC_STRINGS = NO;
				SWIFT_VERSION = 5.0;
				TARGETED_DEVICE_FAMILY = "1,2";
				TEST_TARGET_NAME = ProjectLayout;
			};
			name = Release;
		};
/* End XCBuildConfiguration section */

/* Begin XCConfigurationList section */
		011EAD0F290411C900DDCEF1 /* Build configuration list for PBXProject "ProjectLayout" */ = {
			isa = XCConfigurationList;
			buildConfigurations = (
				011EAD3C290411CA00DDCEF1 /* Debug */,
				011EAD3D290411CA00DDCEF1 /* Release */,
			);
			defaultConfigurationIsVisible = 0;
			defaultConfigurationName = Release;
		};
		011EAD3E290411CA00DDCEF1 /* Build configuration list for PBXNativeTarget "ProjectLayout" */ = {
			isa = XCConfigurationList;
			buildConfigurations = (
				011EAD3F290411CA00DDCEF1 /* Debug */,
				011EAD40290411CA00DDCEF1 /* Release */,
			);
			defaultConfigurationIsVisible = 0;
			defaultConfigurationName = Release;
		};
		011EAD41290411CA00DDCEF1 /* Build configuration list for PBXNativeTarget "ProjectLayoutTests" */ = {
			isa = XCConfigurationList;
			buildConfigurations = (
				011EAD42290411CA00DDCEF1 /* Debug */,
				011EAD43290411CA00DDCEF1 /* Release */,
			);
			defaultConfigurationIsVisible = 0;
			defaultConfigurationName = Release;
		};
		011EAD44290411CA00DDCEF1 /* Build configuration list for PBXNativeTarget "ProjectLayoutUITests" */ = {
			isa = XCConfigurationList;
			buildConfigurations = (
				011EAD45290411CA00DDCEF1 /* Debug */,
				011EAD46290411CA00DDCEF1 /* Release */,
			);
			defaultConfigurationIsVisible = 0;
			defaultConfigurationName = Release;
		};
/* End XCConfigurationList section */
	};
	rootObject = 011EAD0C290411C900DDCEF1 /* Project object */;
}
